Microsoft Visual Studio Solution File, Format Version 12.00
# Visual Studio 14
VisualStudioVersion = 14.0.25420.1
MinimumVisualStudioVersion = 10.0.40219.1
Project("{FAE04EC0-301F-11D3-BF4B-00C04F79EFBC}") = "UXC.Core.Design", "src\core\UXC.Core.Design\UXC.Core.Design.csproj", "{D54B9632-5137-4290-B610-8CA6EC4F90BE}"
EndProject
Project("{FAE04EC0-301F-11D3-BF4B-00C04F79EFBC}") = "UXC.Devices.Streamers", "src\devices\UXC.Devices.Streamers\UXC.Devices.Streamers.csproj", "{E3FB4B97-0774-41E7-A570-87F5807FF1C1}"
EndProject
Project("{FAE04EC0-301F-11D3-BF4B-00C04F79EFBC}") = "UXC.Devices.KeyboardMouse", "src\devices\UXC.Devices.KeyboardMouse\UXC.Devices.KeyboardMouse.csproj", "{4AF3D4DC-F023-487E-BEED-CA86994FD42B}"
EndProject
Project("{FAE04EC0-301F-11D3-BF4B-00C04F79EFBC}") = "UXC.Devices.EyeTracker", "src\devices\UXC.Devices.EyeTracker\UXC.Devices.EyeTracker.csproj", "{18A0DE4F-6EBA-4EEB-BD77-39ECE48A7E99}"
EndProject
Project("{FAE04EC0-301F-11D3-BF4B-00C04F79EFBC}") = "UXC.Core", "src\core\UXC.Core\UXC.Core.csproj", "{F06E551B-665A-46E3-A785-8485FA67FF2B}"
EndProject
Project("{FAE04EC0-301F-11D3-BF4B-00C04F79EFBC}") = "UXC.Core.Sessions", "src\core\UXC.Core.Sessions\UXC.Core.Sessions.csproj", "{E1343366-81FF-4D8F-A8C9-A13E389D45A3}"
EndProject
Project("{FAE04EC0-301F-11D3-BF4B-00C04F79EFBC}") = "UXC.Devices.EyeTracker.Driver", "src\devices\UXC.Devices.EyeTracker.Driver\UXC.Devices.EyeTracker.Driver.csproj", "{932E5D08-64AA-4445-BEE2-80940DADB950}"
EndProject
Project("{FAE04EC0-301F-11D3-BF4B-00C04F79EFBC}") = "UXC.Devices.EyeTracker.Module", "src\devices\UXC.Devices.EyeTracker.Module\UXC.Devices.EyeTracker.Module.csproj", "{5B65555C-1483-47BA-B10E-5F017025A1BC}"
EndProject
Project("{FAE04EC0-301F-11D3-BF4B-00C04F79EFBC}") = "UXC.Core.Interfaces", "src\core\UXC.Core.Interfaces\UXC.Core.Interfaces.csproj", "{7B1FAA72-4344-4473-865D-C130FA51C6B1}"
EndProject
Project("{FAE04EC0-301F-11D3-BF4B-00C04F79EFBC}") = "UXC.Core.Plugins", "src\core\UXC.Core.Plugins\UXC.Core.Plugins.csproj", "{E0BFF42C-D68C-4BFE-A3DF-D7B9CD301C11}"
EndProject
Project("{FAE04EC0-301F-11D3-BF4B-00C04F79EFBC}") = "UXC.Devices.KeyboardMouse.Module", "src\devices\UXC.Devices.KeyboardMouse.Module\UXC.Devices.KeyboardMouse.Module.csproj", "{6F5E9C1F-B3DA-432E-886F-8698067A9C17}"
EndProject
Project("{FAE04EC0-301F-11D3-BF4B-00C04F79EFBC}") = "UXC.Devices.Streamers.Module", "src\devices\UXC.Devices.Streamers.Module\UXC.Devices.Streamers.Module.csproj", "{1E5736F9-1C75-43B7-AB9B-618EBC524851}"
EndProject
Project("{FAE04EC0-301F-11D3-BF4B-00C04F79EFBC}") = "UXC.Plugins.GazeAccess", "src\plugins\UXC.Plugins.GazeAccess\UXC.Plugins.GazeAccess.csproj", "{2588BA97-7FAF-45CE-881B-D8D81DE2EED8}"
EndProject
Project("{FAE04EC0-301F-11D3-BF4B-00C04F79EFBC}") = "UXC.Core.UI", "src\core\UXC.Core.UI\UXC.Core.UI.csproj", "{DA1BE9D9-A997-4387-BE22-46DAB2A0996A}"
EndProject
Project("{2150E333-8FDC-42A3-9474-1A3956D46DE8}") = "Tests", "Tests", "{BB7F7B0B-AF9C-4B9E-B20B-94B3C5B1A5FA}"
EndProject
Project("{FAE04EC0-301F-11D3-BF4B-00C04F79EFBC}") = "NinjectBehaviorTest", "test\NinjectBehaviorTest\NinjectBehaviorTest.csproj", "{B7F9E1E9-8681-4C50-A824-1C528DDD4F50}"
EndProject
Project("{FAE04EC0-301F-11D3-BF4B-00C04F79EFBC}") = "NinjectBehaviorTestLibrary", "test\NinjectBehaviorTestLibrary\NinjectBehaviorTestLibrary.csproj", "{A013D292-4303-4937-9C77-CF946DECCD86}"
EndProject
Project("{FAE04EC0-301F-11D3-BF4B-00C04F79EFBC}") = "UXC.Core.Data", "src\core\UXC.Core.Data\UXC.Core.Data.csproj", "{2BAD0840-A3CD-40EF-A5BD-F23EF0CDC644}"
EndProject
Project("{FAE04EC0-301F-11D3-BF4B-00C04F79EFBC}") = "UXC.Devices.EyeTracker.Calibration.UI", "src\devices\UXC.Devices.EyeTracker.Calibration.UI\UXC.Devices.EyeTracker.Calibration.UI.csproj", "{4AEDA336-EC7F-47BA-9376-C820D2284CC9}"
EndProject
Project("{FAE04EC0-301F-11D3-BF4B-00C04F79EFBC}") = "UXC.Devices.EyeTracker.Calibration.UI.Module", "src\devices\UXC.Devices.EyeTracker.Calibration.UI.Module\UXC.Devices.EyeTracker.Calibration.UI.Module.csproj", "{B991D77A-5E9F-474F-93A6-4F12F4F03D52}"
EndProject
Project("{FAE04EC0-301F-11D3-BF4B-00C04F79EFBC}") = "RxBehaviorTest", "test\RxBehaviorTest\RxBehaviorTest.csproj", "{8E6394FF-FD04-49A5-8D03-648A3C42DBE2}"
EndProject
Project("{FAE04EC0-301F-11D3-BF4B-00C04F79EFBC}") = "UXC.Core.Sessions.UI", "src\core\UXC.Core.Sessions.UI\UXC.Core.Sessions.UI.csproj", "{8F6922B7-D200-40E8-B726-D0E828A84532}"
EndProject
Project("{2150E333-8FDC-42A3-9474-1A3956D46DE8}") = "Apps", "Apps", "{0110EEDF-39D5-437E-B21E-84821554A24D}"
EndProject
Project("{FAE04EC0-301F-11D3-BF4B-00C04F79EFBC}") = "UXC.Devices.ExternalEvents", "src\devices\UXC.Devices.ExternalEvents\UXC.Devices.ExternalEvents.csproj", "{AEDAE266-1546-4E65-AB2C-935D70FE5E76}"
EndProject
Project("{FAE04EC0-301F-11D3-BF4B-00C04F79EFBC}") = "UXC.Devices.ExternalEvents.Module", "src\devices\UXC.Devices.ExternalEvents.Module\UXC.Devices.ExternalEvents.Module.csproj", "{60EFE219-3468-4B28-8193-4CCD9415C954}"
EndProject
Project("{FAE04EC0-301F-11D3-BF4B-00C04F79EFBC}") = "UXC.Plugins.UXR", "src\plugins\UXC.Plugins.UXR\UXC.Plugins.UXR.csproj", "{15455202-7E7B-444E-B23F-5350847FBBEA}"
EndProject
Project("{FAE04EC0-301F-11D3-BF4B-00C04F79EFBC}") = "UXC.Plugins.SessionsAPI", "src\plugins\UXC.Plugins.SessionsAPI\UXC.Plugins.SessionsAPI.csproj", "{1825A02B-7171-4A6A-A41A-C33A2BC1A56B}"
EndProject
Project("{FAE04EC0-301F-11D3-BF4B-00C04F79EFBC}") = "UXC.Devices.EyeTracker.Driver.TobiiPro", "src\devices\UXC.Devices.EyeTracker.Driver.TobiiPro\UXC.Devices.EyeTracker.Driver.TobiiPro.csproj", "{8F033199-B1BA-4F3D-B390-FE211C138DE8}"
EndProject
Project("{FAE04EC0-301F-11D3-BF4B-00C04F79EFBC}") = "UXC.Devices.EyeTracker.Driver.Simulator", "src\devices\UXC.Devices.EyeTracker.Driver.Simulator\UXC.Devices.EyeTracker.Driver.Simulator.csproj", "{380C181D-1CC9-4506-B5DF-800CF0DE6D76}"
EndProject
Project("{FAE04EC0-301F-11D3-BF4B-00C04F79EFBC}") = "UXC.Core.Data.Serialization", "src\core\UXC.Core.Data.Serialization\UXC.Core.Data.Serialization.csproj", "{7C6C4C53-0543-4F60-B95A-34F0452A1E26}"
EndProject
Project("{2150E333-8FDC-42A3-9474-1A3956D46DE8}") = "Plugins", "Plugins", "{E87AC14E-CE35-4783-BC21-FDF8DAFD514B}"
EndProject
Project("{FAE04EC0-301F-11D3-BF4B-00C04F79EFBC}") = "GazeVisualization", "src\plugins\GazeVisualization\GazeVisualization.csproj", "{FF750146-3E5E-47EF-A77B-80EE1924E0DA}"
EndProject
Project("{2150E333-8FDC-42A3-9474-1A3956D46DE8}") = "Devices", "Devices", "{0EC19E36-1F87-4449-A8E8-94843C3F3E51}"
EndProject
Project("{FAE04EC0-301F-11D3-BF4B-00C04F79EFBC}") = "UXC", "src\apps\UXC\UXC.csproj", "{FAAE9DCD-AED9-4FDA-BE92-3D9B7AFEF6ED}"
EndProject
Project("{FAE04EC0-301F-11D3-BF4B-00C04F79EFBC}") = "UXC.Plugins.DefaultAPI", "src\plugins\UXC.Plugins.DefaultAPI\UXC.Plugins.DefaultAPI.csproj", "{DC737138-099C-41C5-928B-5C8BC729D84E}"
EndProject
Project("{FAE04EC0-301F-11D3-BF4B-00C04F79EFBC}") = "UXC.Plugins.SessionsAPI.Test", "test\UXC.Plugins.SessionsAPI.Test\UXC.Plugins.SessionsAPI.Test.csproj", "{09FB5FDB-1521-4979-928F-03F1B785B641}"
EndProject
Project("{FAE04EC0-301F-11D3-BF4B-00C04F79EFBC}") = "UXC.Plugins.Sessions.Fixations", "src\plugins\UXC.Plugins.Sessions.Fixations\UXC.Plugins.Sessions.Fixations.csproj", "{D2623D29-00CD-4769-84EE-B4A3234382CA}"
EndProject
Project("{2150E333-8FDC-42A3-9474-1A3956D46DE8}") = "Diagnostics", "Diagnostics", "{793DE71C-B6B9-41DA-B57F-2D26B74ADFAC}"
EndProject
Project("{FAE04EC0-301F-11D3-BF4B-00C04F79EFBC}") = "UXC.Core.Data.Serialization.Csv.Test", "test\UXC.Core.Data.Serialization.Csv.Test\UXC.Core.Data.Serialization.Csv.Test.csproj", "{D4C4DA3D-3296-4CA6-B7F3-A64A7949B32B}"
EndProject
Project("{FAE04EC0-301F-11D3-BF4B-00C04F79EFBC}") = "UXC.Core.Data.Serialization.Csv", "src\core\UXC.Core.Data.Serialization.Csv\UXC.Core.Data.Serialization.Csv.csproj", "{9C0AE696-2F6C-4EE9-B778-1F72F6F01156}"
EndProject
Project("{FAE04EC0-301F-11D3-BF4B-00C04F79EFBC}") = "UXC.Core.Data.Conversion.GazeToolkit", "src\core\UXC.Core.Data.Conversion.GazeToolkit\UXC.Core.Data.Conversion.GazeToolkit.csproj", "{08165E62-E64A-4EE6-80DE-67B3B3B510F3}"
EndProject
Project("{FAE04EC0-301F-11D3-BF4B-00C04F79EFBC}") = "UXC.Plugins.Sessions.EyeTracker", "src\plugins\UXC.Plugins.Sessions.EyeTracker\UXC.Plugins.Sessions.EyeTracker.csproj", "{5C66F0EE-DE8D-4F2F-A480-071C49ECBB6B}"
EndProject
Project("{FAE04EC0-301F-11D3-BF4B-00C04F79EFBC}") = "UXC.Devices.EyeTracker.Calibration", "src\devices\UXC.Devices.EyeTracker.Calibration\UXC.Devices.EyeTracker.Calibration.csproj", "{1CADE10A-B109-450D-B231-7F8995F1CDBB}"
EndProject
Project("{2150E333-8FDC-42A3-9474-1A3956D46DE8}") = "Solution Items", "Solution Items", "{C6518294-AA0E-477D-B296-ACF55C24AC18}"
	ProjectSection(SolutionItems) = preProject
		LICENSE.txt = LICENSE.txt
		README.md = README.md
	EndProjectSection
EndProject
Project("{2150E333-8FDC-42A3-9474-1A3956D46DE8}") = ".nuget", ".nuget", "{65743359-6FF2-4A18-A6D0-83BF311DC6DE}"
	ProjectSection(SolutionItems) = preProject
		.nuget\UXC.Core.Data.nuspec = .nuget\UXC.Core.Data.nuspec
		.nuget\UXC.Core.Data.Serialization.nuspec = .nuget\UXC.Core.Data.Serialization.nuspec
		.nuget\UXC.Core.Interfaces.nuspec = .nuget\UXC.Core.Interfaces.nuspec
	EndProjectSection
EndProject
Project("{FAE04EC0-301F-11D3-BF4B-00C04F79EFBC}") = "DeviceSh.EyeTracker", "src\diagnostics\DeviceSh.EyeTracker\DeviceSh.EyeTracker.csproj", "{BB34FBE0-398C-4BA1-A238-26DE8CC273DE}"
EndProject
Global
	GlobalSection(SolutionConfigurationPlatforms) = preSolution
		ClickOnce|Any CPU = ClickOnce|Any CPU
		ClickOnce|ARM = ClickOnce|ARM
		ClickOnce|x64 = ClickOnce|x64
		ClickOnce|x86 = ClickOnce|x86
		Debug|Any CPU = Debug|Any CPU
		Debug|ARM = Debug|ARM
		Debug|x64 = Debug|x64
		Debug|x86 = Debug|x86
		Release|Any CPU = Release|Any CPU
		Release|ARM = Release|ARM
		Release|x64 = Release|x64
		Release|x86 = Release|x86
	EndGlobalSection
	GlobalSection(ProjectConfigurationPlatforms) = postSolution
		{D54B9632-5137-4290-B610-8CA6EC4F90BE}.ClickOnce|Any CPU.ActiveCfg = Release|Any CPU
		{D54B9632-5137-4290-B610-8CA6EC4F90BE}.ClickOnce|Any CPU.Build.0 = Release|Any CPU
		{D54B9632-5137-4290-B610-8CA6EC4F90BE}.ClickOnce|ARM.ActiveCfg = Release|Any CPU
		{D54B9632-5137-4290-B610-8CA6EC4F90BE}.ClickOnce|ARM.Build.0 = Release|Any CPU
		{D54B9632-5137-4290-B610-8CA6EC4F90BE}.ClickOnce|x64.ActiveCfg = Release|Any CPU
		{D54B9632-5137-4290-B610-8CA6EC4F90BE}.ClickOnce|x64.Build.0 = Release|Any CPU
		{D54B9632-5137-4290-B610-8CA6EC4F90BE}.ClickOnce|x86.ActiveCfg = Release|Any CPU
		{D54B9632-5137-4290-B610-8CA6EC4F90BE}.ClickOnce|x86.Build.0 = Release|Any CPU
		{D54B9632-5137-4290-B610-8CA6EC4F90BE}.Debug|Any CPU.ActiveCfg = Debug|Any CPU
		{D54B9632-5137-4290-B610-8CA6EC4F90BE}.Debug|Any CPU.Build.0 = Debug|Any CPU
		{D54B9632-5137-4290-B610-8CA6EC4F90BE}.Debug|ARM.ActiveCfg = Debug|Any CPU
		{D54B9632-5137-4290-B610-8CA6EC4F90BE}.Debug|ARM.Build.0 = Debug|Any CPU
		{D54B9632-5137-4290-B610-8CA6EC4F90BE}.Debug|x64.ActiveCfg = Debug|Any CPU
		{D54B9632-5137-4290-B610-8CA6EC4F90BE}.Debug|x64.Build.0 = Debug|Any CPU
		{D54B9632-5137-4290-B610-8CA6EC4F90BE}.Debug|x86.ActiveCfg = Debug|Any CPU
		{D54B9632-5137-4290-B610-8CA6EC4F90BE}.Debug|x86.Build.0 = Debug|Any CPU
		{D54B9632-5137-4290-B610-8CA6EC4F90BE}.Release|Any CPU.ActiveCfg = Release|Any CPU
		{D54B9632-5137-4290-B610-8CA6EC4F90BE}.Release|Any CPU.Build.0 = Release|Any CPU
		{D54B9632-5137-4290-B610-8CA6EC4F90BE}.Release|ARM.ActiveCfg = Release|Any CPU
		{D54B9632-5137-4290-B610-8CA6EC4F90BE}.Release|ARM.Build.0 = Release|Any CPU
		{D54B9632-5137-4290-B610-8CA6EC4F90BE}.Release|x64.ActiveCfg = Release|Any CPU
		{D54B9632-5137-4290-B610-8CA6EC4F90BE}.Release|x64.Build.0 = Release|Any CPU
		{D54B9632-5137-4290-B610-8CA6EC4F90BE}.Release|x86.ActiveCfg = Release|Any CPU
		{D54B9632-5137-4290-B610-8CA6EC4F90BE}.Release|x86.Build.0 = Release|Any CPU
		{E3FB4B97-0774-41E7-A570-87F5807FF1C1}.ClickOnce|Any CPU.ActiveCfg = Release|Any CPU
		{E3FB4B97-0774-41E7-A570-87F5807FF1C1}.ClickOnce|Any CPU.Build.0 = Release|Any CPU
		{E3FB4B97-0774-41E7-A570-87F5807FF1C1}.ClickOnce|ARM.ActiveCfg = Release|Any CPU
		{E3FB4B97-0774-41E7-A570-87F5807FF1C1}.ClickOnce|ARM.Build.0 = Release|Any CPU
		{E3FB4B97-0774-41E7-A570-87F5807FF1C1}.ClickOnce|x64.ActiveCfg = Release|Any CPU
		{E3FB4B97-0774-41E7-A570-87F5807FF1C1}.ClickOnce|x64.Build.0 = Release|Any CPU
		{E3FB4B97-0774-41E7-A570-87F5807FF1C1}.ClickOnce|x86.ActiveCfg = Release|Any CPU
		{E3FB4B97-0774-41E7-A570-87F5807FF1C1}.ClickOnce|x86.Build.0 = Release|Any CPU
		{E3FB4B97-0774-41E7-A570-87F5807FF1C1}.Debug|Any CPU.ActiveCfg = Debug|Any CPU
		{E3FB4B97-0774-41E7-A570-87F5807FF1C1}.Debug|Any CPU.Build.0 = Debug|Any CPU
		{E3FB4B97-0774-41E7-A570-87F5807FF1C1}.Debug|ARM.ActiveCfg = Debug|Any CPU
		{E3FB4B97-0774-41E7-A570-87F5807FF1C1}.Debug|ARM.Build.0 = Debug|Any CPU
		{E3FB4B97-0774-41E7-A570-87F5807FF1C1}.Debug|x64.ActiveCfg = Debug|Any CPU
		{E3FB4B97-0774-41E7-A570-87F5807FF1C1}.Debug|x64.Build.0 = Debug|Any CPU
		{E3FB4B97-0774-41E7-A570-87F5807FF1C1}.Debug|x86.ActiveCfg = Debug|Any CPU
		{E3FB4B97-0774-41E7-A570-87F5807FF1C1}.Debug|x86.Build.0 = Debug|Any CPU
		{E3FB4B97-0774-41E7-A570-87F5807FF1C1}.Release|Any CPU.ActiveCfg = Release|Any CPU
		{E3FB4B97-0774-41E7-A570-87F5807FF1C1}.Release|Any CPU.Build.0 = Release|Any CPU
		{E3FB4B97-0774-41E7-A570-87F5807FF1C1}.Release|ARM.ActiveCfg = Release|Any CPU
		{E3FB4B97-0774-41E7-A570-87F5807FF1C1}.Release|ARM.Build.0 = Release|Any CPU
		{E3FB4B97-0774-41E7-A570-87F5807FF1C1}.Release|x64.ActiveCfg = Release|Any CPU
		{E3FB4B97-0774-41E7-A570-87F5807FF1C1}.Release|x64.Build.0 = Release|Any CPU
		{E3FB4B97-0774-41E7-A570-87F5807FF1C1}.Release|x86.ActiveCfg = Release|Any CPU
		{E3FB4B97-0774-41E7-A570-87F5807FF1C1}.Release|x86.Build.0 = Release|Any CPU
		{4AF3D4DC-F023-487E-BEED-CA86994FD42B}.ClickOnce|Any CPU.ActiveCfg = Release|Any CPU
		{4AF3D4DC-F023-487E-BEED-CA86994FD42B}.ClickOnce|Any CPU.Build.0 = Release|Any CPU
		{4AF3D4DC-F023-487E-BEED-CA86994FD42B}.ClickOnce|ARM.ActiveCfg = Release|Any CPU
		{4AF3D4DC-F023-487E-BEED-CA86994FD42B}.ClickOnce|ARM.Build.0 = Release|Any CPU
		{4AF3D4DC-F023-487E-BEED-CA86994FD42B}.ClickOnce|x64.ActiveCfg = Release|Any CPU
		{4AF3D4DC-F023-487E-BEED-CA86994FD42B}.ClickOnce|x64.Build.0 = Release|Any CPU
		{4AF3D4DC-F023-487E-BEED-CA86994FD42B}.ClickOnce|x86.ActiveCfg = Release|Any CPU
		{4AF3D4DC-F023-487E-BEED-CA86994FD42B}.ClickOnce|x86.Build.0 = Release|Any CPU
		{4AF3D4DC-F023-487E-BEED-CA86994FD42B}.Debug|Any CPU.ActiveCfg = Debug|Any CPU
		{4AF3D4DC-F023-487E-BEED-CA86994FD42B}.Debug|Any CPU.Build.0 = Debug|Any CPU
		{4AF3D4DC-F023-487E-BEED-CA86994FD42B}.Debug|ARM.ActiveCfg = Debug|Any CPU
		{4AF3D4DC-F023-487E-BEED-CA86994FD42B}.Debug|ARM.Build.0 = Debug|Any CPU
		{4AF3D4DC-F023-487E-BEED-CA86994FD42B}.Debug|x64.ActiveCfg = Debug|Any CPU
		{4AF3D4DC-F023-487E-BEED-CA86994FD42B}.Debug|x64.Build.0 = Debug|Any CPU
		{4AF3D4DC-F023-487E-BEED-CA86994FD42B}.Debug|x86.ActiveCfg = Debug|Any CPU
		{4AF3D4DC-F023-487E-BEED-CA86994FD42B}.Debug|x86.Build.0 = Debug|Any CPU
		{4AF3D4DC-F023-487E-BEED-CA86994FD42B}.Release|Any CPU.ActiveCfg = Release|Any CPU
		{4AF3D4DC-F023-487E-BEED-CA86994FD42B}.Release|Any CPU.Build.0 = Release|Any CPU
		{4AF3D4DC-F023-487E-BEED-CA86994FD42B}.Release|ARM.ActiveCfg = Release|Any CPU
		{4AF3D4DC-F023-487E-BEED-CA86994FD42B}.Release|ARM.Build.0 = Release|Any CPU
		{4AF3D4DC-F023-487E-BEED-CA86994FD42B}.Release|x64.ActiveCfg = Release|Any CPU
		{4AF3D4DC-F023-487E-BEED-CA86994FD42B}.Release|x64.Build.0 = Release|Any CPU
		{4AF3D4DC-F023-487E-BEED-CA86994FD42B}.Release|x86.ActiveCfg = Release|Any CPU
		{4AF3D4DC-F023-487E-BEED-CA86994FD42B}.Release|x86.Build.0 = Release|Any CPU
		{18A0DE4F-6EBA-4EEB-BD77-39ECE48A7E99}.ClickOnce|Any CPU.ActiveCfg = Release|Any CPU
		{18A0DE4F-6EBA-4EEB-BD77-39ECE48A7E99}.ClickOnce|Any CPU.Build.0 = Release|Any CPU
		{18A0DE4F-6EBA-4EEB-BD77-39ECE48A7E99}.ClickOnce|ARM.ActiveCfg = Release|Any CPU
		{18A0DE4F-6EBA-4EEB-BD77-39ECE48A7E99}.ClickOnce|ARM.Build.0 = Release|Any CPU
		{18A0DE4F-6EBA-4EEB-BD77-39ECE48A7E99}.ClickOnce|x64.ActiveCfg = Release|Any CPU
		{18A0DE4F-6EBA-4EEB-BD77-39ECE48A7E99}.ClickOnce|x64.Build.0 = Release|Any CPU
		{18A0DE4F-6EBA-4EEB-BD77-39ECE48A7E99}.ClickOnce|x86.ActiveCfg = Release|Any CPU
		{18A0DE4F-6EBA-4EEB-BD77-39ECE48A7E99}.ClickOnce|x86.Build.0 = Release|Any CPU
		{18A0DE4F-6EBA-4EEB-BD77-39ECE48A7E99}.Debug|Any CPU.ActiveCfg = Debug|Any CPU
		{18A0DE4F-6EBA-4EEB-BD77-39ECE48A7E99}.Debug|Any CPU.Build.0 = Debug|Any CPU
		{18A0DE4F-6EBA-4EEB-BD77-39ECE48A7E99}.Debug|ARM.ActiveCfg = Debug|Any CPU
		{18A0DE4F-6EBA-4EEB-BD77-39ECE48A7E99}.Debug|ARM.Build.0 = Debug|Any CPU
		{18A0DE4F-6EBA-4EEB-BD77-39ECE48A7E99}.Debug|x64.ActiveCfg = Debug|Any CPU
		{18A0DE4F-6EBA-4EEB-BD77-39ECE48A7E99}.Debug|x64.Build.0 = Debug|Any CPU
		{18A0DE4F-6EBA-4EEB-BD77-39ECE48A7E99}.Debug|x86.ActiveCfg = Debug|Any CPU
		{18A0DE4F-6EBA-4EEB-BD77-39ECE48A7E99}.Debug|x86.Build.0 = Debug|Any CPU
		{18A0DE4F-6EBA-4EEB-BD77-39ECE48A7E99}.Release|Any CPU.ActiveCfg = Release|Any CPU
		{18A0DE4F-6EBA-4EEB-BD77-39ECE48A7E99}.Release|Any CPU.Build.0 = Release|Any CPU
		{18A0DE4F-6EBA-4EEB-BD77-39ECE48A7E99}.Release|ARM.ActiveCfg = Release|Any CPU
		{18A0DE4F-6EBA-4EEB-BD77-39ECE48A7E99}.Release|ARM.Build.0 = Release|Any CPU
		{18A0DE4F-6EBA-4EEB-BD77-39ECE48A7E99}.Release|x64.ActiveCfg = Release|Any CPU
		{18A0DE4F-6EBA-4EEB-BD77-39ECE48A7E99}.Release|x64.Build.0 = Release|Any CPU
		{18A0DE4F-6EBA-4EEB-BD77-39ECE48A7E99}.Release|x86.ActiveCfg = Release|Any CPU
		{18A0DE4F-6EBA-4EEB-BD77-39ECE48A7E99}.Release|x86.Build.0 = Release|Any CPU
		{F06E551B-665A-46E3-A785-8485FA67FF2B}.ClickOnce|Any CPU.ActiveCfg = Release|Any CPU
		{F06E551B-665A-46E3-A785-8485FA67FF2B}.ClickOnce|Any CPU.Build.0 = Release|Any CPU
		{F06E551B-665A-46E3-A785-8485FA67FF2B}.ClickOnce|ARM.ActiveCfg = Release|Any CPU
		{F06E551B-665A-46E3-A785-8485FA67FF2B}.ClickOnce|ARM.Build.0 = Release|Any CPU
		{F06E551B-665A-46E3-A785-8485FA67FF2B}.ClickOnce|x64.ActiveCfg = Release|Any CPU
		{F06E551B-665A-46E3-A785-8485FA67FF2B}.ClickOnce|x64.Build.0 = Release|Any CPU
		{F06E551B-665A-46E3-A785-8485FA67FF2B}.ClickOnce|x86.ActiveCfg = Release|Any CPU
		{F06E551B-665A-46E3-A785-8485FA67FF2B}.ClickOnce|x86.Build.0 = Release|Any CPU
		{F06E551B-665A-46E3-A785-8485FA67FF2B}.Debug|Any CPU.ActiveCfg = Debug|Any CPU
		{F06E551B-665A-46E3-A785-8485FA67FF2B}.Debug|Any CPU.Build.0 = Debug|Any CPU
		{F06E551B-665A-46E3-A785-8485FA67FF2B}.Debug|ARM.ActiveCfg = Debug|Any CPU
		{F06E551B-665A-46E3-A785-8485FA67FF2B}.Debug|ARM.Build.0 = Debug|Any CPU
		{F06E551B-665A-46E3-A785-8485FA67FF2B}.Debug|x64.ActiveCfg = Debug|Any CPU
		{F06E551B-665A-46E3-A785-8485FA67FF2B}.Debug|x64.Build.0 = Debug|Any CPU
		{F06E551B-665A-46E3-A785-8485FA67FF2B}.Debug|x86.ActiveCfg = Debug|Any CPU
		{F06E551B-665A-46E3-A785-8485FA67FF2B}.Debug|x86.Build.0 = Debug|Any CPU
		{F06E551B-665A-46E3-A785-8485FA67FF2B}.Release|Any CPU.ActiveCfg = Release|Any CPU
		{F06E551B-665A-46E3-A785-8485FA67FF2B}.Release|Any CPU.Build.0 = Release|Any CPU
		{F06E551B-665A-46E3-A785-8485FA67FF2B}.Release|ARM.ActiveCfg = Release|Any CPU
		{F06E551B-665A-46E3-A785-8485FA67FF2B}.Release|ARM.Build.0 = Release|Any CPU
		{F06E551B-665A-46E3-A785-8485FA67FF2B}.Release|x64.ActiveCfg = Release|Any CPU
		{F06E551B-665A-46E3-A785-8485FA67FF2B}.Release|x64.Build.0 = Release|Any CPU
		{F06E551B-665A-46E3-A785-8485FA67FF2B}.Release|x86.ActiveCfg = Release|Any CPU
		{F06E551B-665A-46E3-A785-8485FA67FF2B}.Release|x86.Build.0 = Release|Any CPU
		{E1343366-81FF-4D8F-A8C9-A13E389D45A3}.ClickOnce|Any CPU.ActiveCfg = Release|Any CPU
		{E1343366-81FF-4D8F-A8C9-A13E389D45A3}.ClickOnce|Any CPU.Build.0 = Release|Any CPU
		{E1343366-81FF-4D8F-A8C9-A13E389D45A3}.ClickOnce|ARM.ActiveCfg = Release|Any CPU
		{E1343366-81FF-4D8F-A8C9-A13E389D45A3}.ClickOnce|ARM.Build.0 = Release|Any CPU
		{E1343366-81FF-4D8F-A8C9-A13E389D45A3}.ClickOnce|x64.ActiveCfg = Release|Any CPU
		{E1343366-81FF-4D8F-A8C9-A13E389D45A3}.ClickOnce|x64.Build.0 = Release|Any CPU
		{E1343366-81FF-4D8F-A8C9-A13E389D45A3}.ClickOnce|x86.ActiveCfg = Release|Any CPU
		{E1343366-81FF-4D8F-A8C9-A13E389D45A3}.ClickOnce|x86.Build.0 = Release|Any CPU
		{E1343366-81FF-4D8F-A8C9-A13E389D45A3}.Debug|Any CPU.ActiveCfg = Debug|Any CPU
		{E1343366-81FF-4D8F-A8C9-A13E389D45A3}.Debug|Any CPU.Build.0 = Debug|Any CPU
		{E1343366-81FF-4D8F-A8C9-A13E389D45A3}.Debug|ARM.ActiveCfg = Debug|Any CPU
		{E1343366-81FF-4D8F-A8C9-A13E389D45A3}.Debug|ARM.Build.0 = Debug|Any CPU
		{E1343366-81FF-4D8F-A8C9-A13E389D45A3}.Debug|x64.ActiveCfg = Debug|Any CPU
		{E1343366-81FF-4D8F-A8C9-A13E389D45A3}.Debug|x64.Build.0 = Debug|Any CPU
		{E1343366-81FF-4D8F-A8C9-A13E389D45A3}.Debug|x86.ActiveCfg = Debug|Any CPU
		{E1343366-81FF-4D8F-A8C9-A13E389D45A3}.Debug|x86.Build.0 = Debug|Any CPU
		{E1343366-81FF-4D8F-A8C9-A13E389D45A3}.Release|Any CPU.ActiveCfg = Release|Any CPU
		{E1343366-81FF-4D8F-A8C9-A13E389D45A3}.Release|Any CPU.Build.0 = Release|Any CPU
		{E1343366-81FF-4D8F-A8C9-A13E389D45A3}.Release|ARM.ActiveCfg = Release|Any CPU
		{E1343366-81FF-4D8F-A8C9-A13E389D45A3}.Release|ARM.Build.0 = Release|Any CPU
		{E1343366-81FF-4D8F-A8C9-A13E389D45A3}.Release|x64.ActiveCfg = Release|Any CPU
		{E1343366-81FF-4D8F-A8C9-A13E389D45A3}.Release|x64.Build.0 = Release|Any CPU
		{E1343366-81FF-4D8F-A8C9-A13E389D45A3}.Release|x86.ActiveCfg = Release|Any CPU
		{E1343366-81FF-4D8F-A8C9-A13E389D45A3}.Release|x86.Build.0 = Release|Any CPU
		{932E5D08-64AA-4445-BEE2-80940DADB950}.ClickOnce|Any CPU.ActiveCfg = Release|Any CPU
		{932E5D08-64AA-4445-BEE2-80940DADB950}.ClickOnce|Any CPU.Build.0 = Release|Any CPU
		{932E5D08-64AA-4445-BEE2-80940DADB950}.ClickOnce|ARM.ActiveCfg = Release|Any CPU
		{932E5D08-64AA-4445-BEE2-80940DADB950}.ClickOnce|ARM.Build.0 = Release|Any CPU
		{932E5D08-64AA-4445-BEE2-80940DADB950}.ClickOnce|x64.ActiveCfg = Release|Any CPU
		{932E5D08-64AA-4445-BEE2-80940DADB950}.ClickOnce|x64.Build.0 = Release|Any CPU
		{932E5D08-64AA-4445-BEE2-80940DADB950}.ClickOnce|x86.ActiveCfg = Release|Any CPU
		{932E5D08-64AA-4445-BEE2-80940DADB950}.ClickOnce|x86.Build.0 = Release|Any CPU
		{932E5D08-64AA-4445-BEE2-80940DADB950}.Debug|Any CPU.ActiveCfg = Debug|Any CPU
		{932E5D08-64AA-4445-BEE2-80940DADB950}.Debug|Any CPU.Build.0 = Debug|Any CPU
		{932E5D08-64AA-4445-BEE2-80940DADB950}.Debug|ARM.ActiveCfg = Debug|Any CPU
		{932E5D08-64AA-4445-BEE2-80940DADB950}.Debug|ARM.Build.0 = Debug|Any CPU
		{932E5D08-64AA-4445-BEE2-80940DADB950}.Debug|x64.ActiveCfg = Debug|Any CPU
		{932E5D08-64AA-4445-BEE2-80940DADB950}.Debug|x64.Build.0 = Debug|Any CPU
		{932E5D08-64AA-4445-BEE2-80940DADB950}.Debug|x86.ActiveCfg = Debug|Any CPU
		{932E5D08-64AA-4445-BEE2-80940DADB950}.Debug|x86.Build.0 = Debug|Any CPU
		{932E5D08-64AA-4445-BEE2-80940DADB950}.Release|Any CPU.ActiveCfg = Release|Any CPU
		{932E5D08-64AA-4445-BEE2-80940DADB950}.Release|Any CPU.Build.0 = Release|Any CPU
		{932E5D08-64AA-4445-BEE2-80940DADB950}.Release|ARM.ActiveCfg = Release|Any CPU
		{932E5D08-64AA-4445-BEE2-80940DADB950}.Release|ARM.Build.0 = Release|Any CPU
		{932E5D08-64AA-4445-BEE2-80940DADB950}.Release|x64.ActiveCfg = Release|Any CPU
		{932E5D08-64AA-4445-BEE2-80940DADB950}.Release|x64.Build.0 = Release|Any CPU
		{932E5D08-64AA-4445-BEE2-80940DADB950}.Release|x86.ActiveCfg = Release|Any CPU
		{932E5D08-64AA-4445-BEE2-80940DADB950}.Release|x86.Build.0 = Release|Any CPU
		{5B65555C-1483-47BA-B10E-5F017025A1BC}.ClickOnce|Any CPU.ActiveCfg = Release|Any CPU
		{5B65555C-1483-47BA-B10E-5F017025A1BC}.ClickOnce|Any CPU.Build.0 = Release|Any CPU
		{5B65555C-1483-47BA-B10E-5F017025A1BC}.ClickOnce|ARM.ActiveCfg = Release|Any CPU
		{5B65555C-1483-47BA-B10E-5F017025A1BC}.ClickOnce|ARM.Build.0 = Release|Any CPU
		{5B65555C-1483-47BA-B10E-5F017025A1BC}.ClickOnce|x64.ActiveCfg = Release|Any CPU
		{5B65555C-1483-47BA-B10E-5F017025A1BC}.ClickOnce|x64.Build.0 = Release|Any CPU
		{5B65555C-1483-47BA-B10E-5F017025A1BC}.ClickOnce|x86.ActiveCfg = Release|Any CPU
		{5B65555C-1483-47BA-B10E-5F017025A1BC}.ClickOnce|x86.Build.0 = Release|Any CPU
		{5B65555C-1483-47BA-B10E-5F017025A1BC}.Debug|Any CPU.ActiveCfg = Debug|Any CPU
		{5B65555C-1483-47BA-B10E-5F017025A1BC}.Debug|Any CPU.Build.0 = Debug|Any CPU
		{5B65555C-1483-47BA-B10E-5F017025A1BC}.Debug|ARM.ActiveCfg = Debug|Any CPU
		{5B65555C-1483-47BA-B10E-5F017025A1BC}.Debug|ARM.Build.0 = Debug|Any CPU
		{5B65555C-1483-47BA-B10E-5F017025A1BC}.Debug|x64.ActiveCfg = Debug|Any CPU
		{5B65555C-1483-47BA-B10E-5F017025A1BC}.Debug|x64.Build.0 = Debug|Any CPU
		{5B65555C-1483-47BA-B10E-5F017025A1BC}.Debug|x86.ActiveCfg = Debug|Any CPU
		{5B65555C-1483-47BA-B10E-5F017025A1BC}.Debug|x86.Build.0 = Debug|Any CPU
		{5B65555C-1483-47BA-B10E-5F017025A1BC}.Release|Any CPU.ActiveCfg = Release|Any CPU
		{5B65555C-1483-47BA-B10E-5F017025A1BC}.Release|Any CPU.Build.0 = Release|Any CPU
		{5B65555C-1483-47BA-B10E-5F017025A1BC}.Release|ARM.ActiveCfg = Release|Any CPU
		{5B65555C-1483-47BA-B10E-5F017025A1BC}.Release|ARM.Build.0 = Release|Any CPU
		{5B65555C-1483-47BA-B10E-5F017025A1BC}.Release|x64.ActiveCfg = Release|Any CPU
		{5B65555C-1483-47BA-B10E-5F017025A1BC}.Release|x64.Build.0 = Release|Any CPU
		{5B65555C-1483-47BA-B10E-5F017025A1BC}.Release|x86.ActiveCfg = Release|Any CPU
		{5B65555C-1483-47BA-B10E-5F017025A1BC}.Release|x86.Build.0 = Release|Any CPU
		{7B1FAA72-4344-4473-865D-C130FA51C6B1}.ClickOnce|Any CPU.ActiveCfg = Release|Any CPU
		{7B1FAA72-4344-4473-865D-C130FA51C6B1}.ClickOnce|Any CPU.Build.0 = Release|Any CPU
		{7B1FAA72-4344-4473-865D-C130FA51C6B1}.ClickOnce|ARM.ActiveCfg = Release|Any CPU
		{7B1FAA72-4344-4473-865D-C130FA51C6B1}.ClickOnce|ARM.Build.0 = Release|Any CPU
		{7B1FAA72-4344-4473-865D-C130FA51C6B1}.ClickOnce|x64.ActiveCfg = Release|Any CPU
		{7B1FAA72-4344-4473-865D-C130FA51C6B1}.ClickOnce|x64.Build.0 = Release|Any CPU
		{7B1FAA72-4344-4473-865D-C130FA51C6B1}.ClickOnce|x86.ActiveCfg = Release|Any CPU
		{7B1FAA72-4344-4473-865D-C130FA51C6B1}.ClickOnce|x86.Build.0 = Release|Any CPU
		{7B1FAA72-4344-4473-865D-C130FA51C6B1}.Debug|Any CPU.ActiveCfg = Debug|Any CPU
		{7B1FAA72-4344-4473-865D-C130FA51C6B1}.Debug|Any CPU.Build.0 = Debug|Any CPU
		{7B1FAA72-4344-4473-865D-C130FA51C6B1}.Debug|ARM.ActiveCfg = Debug|Any CPU
		{7B1FAA72-4344-4473-865D-C130FA51C6B1}.Debug|ARM.Build.0 = Debug|Any CPU
		{7B1FAA72-4344-4473-865D-C130FA51C6B1}.Debug|x64.ActiveCfg = Debug|Any CPU
		{7B1FAA72-4344-4473-865D-C130FA51C6B1}.Debug|x64.Build.0 = Debug|Any CPU
		{7B1FAA72-4344-4473-865D-C130FA51C6B1}.Debug|x86.ActiveCfg = Debug|Any CPU
		{7B1FAA72-4344-4473-865D-C130FA51C6B1}.Debug|x86.Build.0 = Debug|Any CPU
		{7B1FAA72-4344-4473-865D-C130FA51C6B1}.Release|Any CPU.ActiveCfg = Release|Any CPU
		{7B1FAA72-4344-4473-865D-C130FA51C6B1}.Release|Any CPU.Build.0 = Release|Any CPU
		{7B1FAA72-4344-4473-865D-C130FA51C6B1}.Release|ARM.ActiveCfg = Release|Any CPU
		{7B1FAA72-4344-4473-865D-C130FA51C6B1}.Release|ARM.Build.0 = Release|Any CPU
		{7B1FAA72-4344-4473-865D-C130FA51C6B1}.Release|x64.ActiveCfg = Release|Any CPU
		{7B1FAA72-4344-4473-865D-C130FA51C6B1}.Release|x64.Build.0 = Release|Any CPU
		{7B1FAA72-4344-4473-865D-C130FA51C6B1}.Release|x86.ActiveCfg = Release|Any CPU
		{7B1FAA72-4344-4473-865D-C130FA51C6B1}.Release|x86.Build.0 = Release|Any CPU
		{E0BFF42C-D68C-4BFE-A3DF-D7B9CD301C11}.ClickOnce|Any CPU.ActiveCfg = Release|Any CPU
		{E0BFF42C-D68C-4BFE-A3DF-D7B9CD301C11}.ClickOnce|Any CPU.Build.0 = Release|Any CPU
		{E0BFF42C-D68C-4BFE-A3DF-D7B9CD301C11}.ClickOnce|ARM.ActiveCfg = Release|Any CPU
		{E0BFF42C-D68C-4BFE-A3DF-D7B9CD301C11}.ClickOnce|ARM.Build.0 = Release|Any CPU
		{E0BFF42C-D68C-4BFE-A3DF-D7B9CD301C11}.ClickOnce|x64.ActiveCfg = Release|Any CPU
		{E0BFF42C-D68C-4BFE-A3DF-D7B9CD301C11}.ClickOnce|x64.Build.0 = Release|Any CPU
		{E0BFF42C-D68C-4BFE-A3DF-D7B9CD301C11}.ClickOnce|x86.ActiveCfg = Release|Any CPU
		{E0BFF42C-D68C-4BFE-A3DF-D7B9CD301C11}.ClickOnce|x86.Build.0 = Release|Any CPU
		{E0BFF42C-D68C-4BFE-A3DF-D7B9CD301C11}.Debug|Any CPU.ActiveCfg = Debug|Any CPU
		{E0BFF42C-D68C-4BFE-A3DF-D7B9CD301C11}.Debug|Any CPU.Build.0 = Debug|Any CPU
		{E0BFF42C-D68C-4BFE-A3DF-D7B9CD301C11}.Debug|ARM.ActiveCfg = Debug|Any CPU
		{E0BFF42C-D68C-4BFE-A3DF-D7B9CD301C11}.Debug|ARM.Build.0 = Debug|Any CPU
		{E0BFF42C-D68C-4BFE-A3DF-D7B9CD301C11}.Debug|x64.ActiveCfg = Debug|Any CPU
		{E0BFF42C-D68C-4BFE-A3DF-D7B9CD301C11}.Debug|x64.Build.0 = Debug|Any CPU
		{E0BFF42C-D68C-4BFE-A3DF-D7B9CD301C11}.Debug|x86.ActiveCfg = Debug|Any CPU
		{E0BFF42C-D68C-4BFE-A3DF-D7B9CD301C11}.Debug|x86.Build.0 = Debug|Any CPU
		{E0BFF42C-D68C-4BFE-A3DF-D7B9CD301C11}.Release|Any CPU.ActiveCfg = Release|Any CPU
		{E0BFF42C-D68C-4BFE-A3DF-D7B9CD301C11}.Release|Any CPU.Build.0 = Release|Any CPU
		{E0BFF42C-D68C-4BFE-A3DF-D7B9CD301C11}.Release|ARM.ActiveCfg = Release|Any CPU
		{E0BFF42C-D68C-4BFE-A3DF-D7B9CD301C11}.Release|ARM.Build.0 = Release|Any CPU
		{E0BFF42C-D68C-4BFE-A3DF-D7B9CD301C11}.Release|x64.ActiveCfg = Release|Any CPU
		{E0BFF42C-D68C-4BFE-A3DF-D7B9CD301C11}.Release|x64.Build.0 = Release|Any CPU
		{E0BFF42C-D68C-4BFE-A3DF-D7B9CD301C11}.Release|x86.ActiveCfg = Release|Any CPU
		{E0BFF42C-D68C-4BFE-A3DF-D7B9CD301C11}.Release|x86.Build.0 = Release|Any CPU
		{6F5E9C1F-B3DA-432E-886F-8698067A9C17}.ClickOnce|Any CPU.ActiveCfg = Release|Any CPU
		{6F5E9C1F-B3DA-432E-886F-8698067A9C17}.ClickOnce|Any CPU.Build.0 = Release|Any CPU
		{6F5E9C1F-B3DA-432E-886F-8698067A9C17}.ClickOnce|ARM.ActiveCfg = Release|Any CPU
		{6F5E9C1F-B3DA-432E-886F-8698067A9C17}.ClickOnce|ARM.Build.0 = Release|Any CPU
		{6F5E9C1F-B3DA-432E-886F-8698067A9C17}.ClickOnce|x64.ActiveCfg = Release|Any CPU
		{6F5E9C1F-B3DA-432E-886F-8698067A9C17}.ClickOnce|x64.Build.0 = Release|Any CPU
		{6F5E9C1F-B3DA-432E-886F-8698067A9C17}.ClickOnce|x86.ActiveCfg = Release|Any CPU
		{6F5E9C1F-B3DA-432E-886F-8698067A9C17}.ClickOnce|x86.Build.0 = Release|Any CPU
		{6F5E9C1F-B3DA-432E-886F-8698067A9C17}.Debug|Any CPU.ActiveCfg = Debug|Any CPU
		{6F5E9C1F-B3DA-432E-886F-8698067A9C17}.Debug|Any CPU.Build.0 = Debug|Any CPU
		{6F5E9C1F-B3DA-432E-886F-8698067A9C17}.Debug|ARM.ActiveCfg = Debug|Any CPU
		{6F5E9C1F-B3DA-432E-886F-8698067A9C17}.Debug|ARM.Build.0 = Debug|Any CPU
		{6F5E9C1F-B3DA-432E-886F-8698067A9C17}.Debug|x64.ActiveCfg = Debug|Any CPU
		{6F5E9C1F-B3DA-432E-886F-8698067A9C17}.Debug|x64.Build.0 = Debug|Any CPU
		{6F5E9C1F-B3DA-432E-886F-8698067A9C17}.Debug|x86.ActiveCfg = Debug|Any CPU
		{6F5E9C1F-B3DA-432E-886F-8698067A9C17}.Debug|x86.Build.0 = Debug|Any CPU
		{6F5E9C1F-B3DA-432E-886F-8698067A9C17}.Release|Any CPU.ActiveCfg = Release|Any CPU
		{6F5E9C1F-B3DA-432E-886F-8698067A9C17}.Release|Any CPU.Build.0 = Release|Any CPU
		{6F5E9C1F-B3DA-432E-886F-8698067A9C17}.Release|ARM.ActiveCfg = Release|Any CPU
		{6F5E9C1F-B3DA-432E-886F-8698067A9C17}.Release|ARM.Build.0 = Release|Any CPU
		{6F5E9C1F-B3DA-432E-886F-8698067A9C17}.Release|x64.ActiveCfg = Release|Any CPU
		{6F5E9C1F-B3DA-432E-886F-8698067A9C17}.Release|x64.Build.0 = Release|Any CPU
		{6F5E9C1F-B3DA-432E-886F-8698067A9C17}.Release|x86.ActiveCfg = Release|Any CPU
		{6F5E9C1F-B3DA-432E-886F-8698067A9C17}.Release|x86.Build.0 = Release|Any CPU
		{1E5736F9-1C75-43B7-AB9B-618EBC524851}.ClickOnce|Any CPU.ActiveCfg = Release|Any CPU
		{1E5736F9-1C75-43B7-AB9B-618EBC524851}.ClickOnce|Any CPU.Build.0 = Release|Any CPU
		{1E5736F9-1C75-43B7-AB9B-618EBC524851}.ClickOnce|ARM.ActiveCfg = Release|Any CPU
		{1E5736F9-1C75-43B7-AB9B-618EBC524851}.ClickOnce|ARM.Build.0 = Release|Any CPU
		{1E5736F9-1C75-43B7-AB9B-618EBC524851}.ClickOnce|x64.ActiveCfg = Release|Any CPU
		{1E5736F9-1C75-43B7-AB9B-618EBC524851}.ClickOnce|x64.Build.0 = Release|Any CPU
		{1E5736F9-1C75-43B7-AB9B-618EBC524851}.ClickOnce|x86.ActiveCfg = Release|Any CPU
		{1E5736F9-1C75-43B7-AB9B-618EBC524851}.ClickOnce|x86.Build.0 = Release|Any CPU
		{1E5736F9-1C75-43B7-AB9B-618EBC524851}.Debug|Any CPU.ActiveCfg = Debug|Any CPU
		{1E5736F9-1C75-43B7-AB9B-618EBC524851}.Debug|Any CPU.Build.0 = Debug|Any CPU
		{1E5736F9-1C75-43B7-AB9B-618EBC524851}.Debug|ARM.ActiveCfg = Debug|Any CPU
		{1E5736F9-1C75-43B7-AB9B-618EBC524851}.Debug|ARM.Build.0 = Debug|Any CPU
		{1E5736F9-1C75-43B7-AB9B-618EBC524851}.Debug|x64.ActiveCfg = Debug|Any CPU
		{1E5736F9-1C75-43B7-AB9B-618EBC524851}.Debug|x64.Build.0 = Debug|Any CPU
		{1E5736F9-1C75-43B7-AB9B-618EBC524851}.Debug|x86.ActiveCfg = Debug|Any CPU
		{1E5736F9-1C75-43B7-AB9B-618EBC524851}.Debug|x86.Build.0 = Debug|Any CPU
		{1E5736F9-1C75-43B7-AB9B-618EBC524851}.Release|Any CPU.ActiveCfg = Release|Any CPU
		{1E5736F9-1C75-43B7-AB9B-618EBC524851}.Release|Any CPU.Build.0 = Release|Any CPU
		{1E5736F9-1C75-43B7-AB9B-618EBC524851}.Release|ARM.ActiveCfg = Release|Any CPU
		{1E5736F9-1C75-43B7-AB9B-618EBC524851}.Release|ARM.Build.0 = Release|Any CPU
		{1E5736F9-1C75-43B7-AB9B-618EBC524851}.Release|x64.ActiveCfg = Release|Any CPU
		{1E5736F9-1C75-43B7-AB9B-618EBC524851}.Release|x64.Build.0 = Release|Any CPU
		{1E5736F9-1C75-43B7-AB9B-618EBC524851}.Release|x86.ActiveCfg = Release|Any CPU
		{1E5736F9-1C75-43B7-AB9B-618EBC524851}.Release|x86.Build.0 = Release|Any CPU
		{2588BA97-7FAF-45CE-881B-D8D81DE2EED8}.ClickOnce|Any CPU.ActiveCfg = Release|Any CPU
		{2588BA97-7FAF-45CE-881B-D8D81DE2EED8}.ClickOnce|Any CPU.Build.0 = Release|Any CPU
		{2588BA97-7FAF-45CE-881B-D8D81DE2EED8}.ClickOnce|ARM.ActiveCfg = Release|Any CPU
		{2588BA97-7FAF-45CE-881B-D8D81DE2EED8}.ClickOnce|ARM.Build.0 = Release|Any CPU
		{2588BA97-7FAF-45CE-881B-D8D81DE2EED8}.ClickOnce|x64.ActiveCfg = Release|Any CPU
		{2588BA97-7FAF-45CE-881B-D8D81DE2EED8}.ClickOnce|x64.Build.0 = Release|Any CPU
		{2588BA97-7FAF-45CE-881B-D8D81DE2EED8}.ClickOnce|x86.ActiveCfg = Release|Any CPU
		{2588BA97-7FAF-45CE-881B-D8D81DE2EED8}.ClickOnce|x86.Build.0 = Release|Any CPU
		{2588BA97-7FAF-45CE-881B-D8D81DE2EED8}.Debug|Any CPU.ActiveCfg = Debug|Any CPU
		{2588BA97-7FAF-45CE-881B-D8D81DE2EED8}.Debug|Any CPU.Build.0 = Debug|Any CPU
		{2588BA97-7FAF-45CE-881B-D8D81DE2EED8}.Debug|ARM.ActiveCfg = Debug|Any CPU
		{2588BA97-7FAF-45CE-881B-D8D81DE2EED8}.Debug|ARM.Build.0 = Debug|Any CPU
		{2588BA97-7FAF-45CE-881B-D8D81DE2EED8}.Debug|x64.ActiveCfg = Debug|Any CPU
		{2588BA97-7FAF-45CE-881B-D8D81DE2EED8}.Debug|x64.Build.0 = Debug|Any CPU
		{2588BA97-7FAF-45CE-881B-D8D81DE2EED8}.Debug|x86.ActiveCfg = Debug|Any CPU
		{2588BA97-7FAF-45CE-881B-D8D81DE2EED8}.Debug|x86.Build.0 = Debug|Any CPU
		{2588BA97-7FAF-45CE-881B-D8D81DE2EED8}.Release|Any CPU.ActiveCfg = Release|Any CPU
		{2588BA97-7FAF-45CE-881B-D8D81DE2EED8}.Release|Any CPU.Build.0 = Release|Any CPU
		{2588BA97-7FAF-45CE-881B-D8D81DE2EED8}.Release|ARM.ActiveCfg = Release|Any CPU
		{2588BA97-7FAF-45CE-881B-D8D81DE2EED8}.Release|ARM.Build.0 = Release|Any CPU
		{2588BA97-7FAF-45CE-881B-D8D81DE2EED8}.Release|x64.ActiveCfg = Release|Any CPU
		{2588BA97-7FAF-45CE-881B-D8D81DE2EED8}.Release|x64.Build.0 = Release|Any CPU
		{2588BA97-7FAF-45CE-881B-D8D81DE2EED8}.Release|x86.ActiveCfg = Release|Any CPU
		{2588BA97-7FAF-45CE-881B-D8D81DE2EED8}.Release|x86.Build.0 = Release|Any CPU
		{DA1BE9D9-A997-4387-BE22-46DAB2A0996A}.ClickOnce|Any CPU.ActiveCfg = Release|Any CPU
		{DA1BE9D9-A997-4387-BE22-46DAB2A0996A}.ClickOnce|Any CPU.Build.0 = Release|Any CPU
		{DA1BE9D9-A997-4387-BE22-46DAB2A0996A}.ClickOnce|ARM.ActiveCfg = Release|Any CPU
		{DA1BE9D9-A997-4387-BE22-46DAB2A0996A}.ClickOnce|ARM.Build.0 = Release|Any CPU
		{DA1BE9D9-A997-4387-BE22-46DAB2A0996A}.ClickOnce|x64.ActiveCfg = Release|Any CPU
		{DA1BE9D9-A997-4387-BE22-46DAB2A0996A}.ClickOnce|x64.Build.0 = Release|Any CPU
		{DA1BE9D9-A997-4387-BE22-46DAB2A0996A}.ClickOnce|x86.ActiveCfg = Release|Any CPU
		{DA1BE9D9-A997-4387-BE22-46DAB2A0996A}.ClickOnce|x86.Build.0 = Release|Any CPU
		{DA1BE9D9-A997-4387-BE22-46DAB2A0996A}.Debug|Any CPU.ActiveCfg = Debug|Any CPU
		{DA1BE9D9-A997-4387-BE22-46DAB2A0996A}.Debug|Any CPU.Build.0 = Debug|Any CPU
		{DA1BE9D9-A997-4387-BE22-46DAB2A0996A}.Debug|ARM.ActiveCfg = Debug|Any CPU
		{DA1BE9D9-A997-4387-BE22-46DAB2A0996A}.Debug|ARM.Build.0 = Debug|Any CPU
		{DA1BE9D9-A997-4387-BE22-46DAB2A0996A}.Debug|x64.ActiveCfg = Debug|Any CPU
		{DA1BE9D9-A997-4387-BE22-46DAB2A0996A}.Debug|x64.Build.0 = Debug|Any CPU
		{DA1BE9D9-A997-4387-BE22-46DAB2A0996A}.Debug|x86.ActiveCfg = Debug|Any CPU
		{DA1BE9D9-A997-4387-BE22-46DAB2A0996A}.Debug|x86.Build.0 = Debug|Any CPU
		{DA1BE9D9-A997-4387-BE22-46DAB2A0996A}.Release|Any CPU.ActiveCfg = Release|Any CPU
		{DA1BE9D9-A997-4387-BE22-46DAB2A0996A}.Release|Any CPU.Build.0 = Release|Any CPU
		{DA1BE9D9-A997-4387-BE22-46DAB2A0996A}.Release|ARM.ActiveCfg = Release|Any CPU
		{DA1BE9D9-A997-4387-BE22-46DAB2A0996A}.Release|ARM.Build.0 = Release|Any CPU
		{DA1BE9D9-A997-4387-BE22-46DAB2A0996A}.Release|x64.ActiveCfg = Release|Any CPU
		{DA1BE9D9-A997-4387-BE22-46DAB2A0996A}.Release|x64.Build.0 = Release|Any CPU
		{DA1BE9D9-A997-4387-BE22-46DAB2A0996A}.Release|x86.ActiveCfg = Release|Any CPU
		{DA1BE9D9-A997-4387-BE22-46DAB2A0996A}.Release|x86.Build.0 = Release|Any CPU
		{B7F9E1E9-8681-4C50-A824-1C528DDD4F50}.ClickOnce|Any CPU.ActiveCfg = Release|Any CPU
		{B7F9E1E9-8681-4C50-A824-1C528DDD4F50}.ClickOnce|Any CPU.Build.0 = Release|Any CPU
		{B7F9E1E9-8681-4C50-A824-1C528DDD4F50}.ClickOnce|ARM.ActiveCfg = Release|Any CPU
		{B7F9E1E9-8681-4C50-A824-1C528DDD4F50}.ClickOnce|ARM.Build.0 = Release|Any CPU
		{B7F9E1E9-8681-4C50-A824-1C528DDD4F50}.ClickOnce|x64.ActiveCfg = Release|Any CPU
		{B7F9E1E9-8681-4C50-A824-1C528DDD4F50}.ClickOnce|x64.Build.0 = Release|Any CPU
		{B7F9E1E9-8681-4C50-A824-1C528DDD4F50}.ClickOnce|x86.ActiveCfg = Release|Any CPU
		{B7F9E1E9-8681-4C50-A824-1C528DDD4F50}.ClickOnce|x86.Build.0 = Release|Any CPU
		{B7F9E1E9-8681-4C50-A824-1C528DDD4F50}.Debug|Any CPU.ActiveCfg = Debug|Any CPU
		{B7F9E1E9-8681-4C50-A824-1C528DDD4F50}.Debug|Any CPU.Build.0 = Debug|Any CPU
		{B7F9E1E9-8681-4C50-A824-1C528DDD4F50}.Debug|ARM.ActiveCfg = Debug|Any CPU
		{B7F9E1E9-8681-4C50-A824-1C528DDD4F50}.Debug|ARM.Build.0 = Debug|Any CPU
		{B7F9E1E9-8681-4C50-A824-1C528DDD4F50}.Debug|x64.ActiveCfg = Debug|Any CPU
		{B7F9E1E9-8681-4C50-A824-1C528DDD4F50}.Debug|x64.Build.0 = Debug|Any CPU
		{B7F9E1E9-8681-4C50-A824-1C528DDD4F50}.Debug|x86.ActiveCfg = Debug|Any CPU
		{B7F9E1E9-8681-4C50-A824-1C528DDD4F50}.Debug|x86.Build.0 = Debug|Any CPU
		{B7F9E1E9-8681-4C50-A824-1C528DDD4F50}.Release|Any CPU.ActiveCfg = Release|Any CPU
		{B7F9E1E9-8681-4C50-A824-1C528DDD4F50}.Release|Any CPU.Build.0 = Release|Any CPU
		{B7F9E1E9-8681-4C50-A824-1C528DDD4F50}.Release|ARM.ActiveCfg = Release|Any CPU
		{B7F9E1E9-8681-4C50-A824-1C528DDD4F50}.Release|ARM.Build.0 = Release|Any CPU
		{B7F9E1E9-8681-4C50-A824-1C528DDD4F50}.Release|x64.ActiveCfg = Release|Any CPU
		{B7F9E1E9-8681-4C50-A824-1C528DDD4F50}.Release|x64.Build.0 = Release|Any CPU
		{B7F9E1E9-8681-4C50-A824-1C528DDD4F50}.Release|x86.ActiveCfg = Release|Any CPU
		{B7F9E1E9-8681-4C50-A824-1C528DDD4F50}.Release|x86.Build.0 = Release|Any CPU
		{A013D292-4303-4937-9C77-CF946DECCD86}.ClickOnce|Any CPU.ActiveCfg = Release|Any CPU
		{A013D292-4303-4937-9C77-CF946DECCD86}.ClickOnce|Any CPU.Build.0 = Release|Any CPU
		{A013D292-4303-4937-9C77-CF946DECCD86}.ClickOnce|ARM.ActiveCfg = Release|Any CPU
		{A013D292-4303-4937-9C77-CF946DECCD86}.ClickOnce|ARM.Build.0 = Release|Any CPU
		{A013D292-4303-4937-9C77-CF946DECCD86}.ClickOnce|x64.ActiveCfg = Release|Any CPU
		{A013D292-4303-4937-9C77-CF946DECCD86}.ClickOnce|x64.Build.0 = Release|Any CPU
		{A013D292-4303-4937-9C77-CF946DECCD86}.ClickOnce|x86.ActiveCfg = Release|Any CPU
		{A013D292-4303-4937-9C77-CF946DECCD86}.ClickOnce|x86.Build.0 = Release|Any CPU
		{A013D292-4303-4937-9C77-CF946DECCD86}.Debug|Any CPU.ActiveCfg = Debug|Any CPU
		{A013D292-4303-4937-9C77-CF946DECCD86}.Debug|Any CPU.Build.0 = Debug|Any CPU
		{A013D292-4303-4937-9C77-CF946DECCD86}.Debug|ARM.ActiveCfg = Debug|Any CPU
		{A013D292-4303-4937-9C77-CF946DECCD86}.Debug|ARM.Build.0 = Debug|Any CPU
		{A013D292-4303-4937-9C77-CF946DECCD86}.Debug|x64.ActiveCfg = Debug|Any CPU
		{A013D292-4303-4937-9C77-CF946DECCD86}.Debug|x64.Build.0 = Debug|Any CPU
		{A013D292-4303-4937-9C77-CF946DECCD86}.Debug|x86.ActiveCfg = Debug|Any CPU
		{A013D292-4303-4937-9C77-CF946DECCD86}.Debug|x86.Build.0 = Debug|Any CPU
		{A013D292-4303-4937-9C77-CF946DECCD86}.Release|Any CPU.ActiveCfg = Release|Any CPU
		{A013D292-4303-4937-9C77-CF946DECCD86}.Release|Any CPU.Build.0 = Release|Any CPU
		{A013D292-4303-4937-9C77-CF946DECCD86}.Release|ARM.ActiveCfg = Release|Any CPU
		{A013D292-4303-4937-9C77-CF946DECCD86}.Release|ARM.Build.0 = Release|Any CPU
		{A013D292-4303-4937-9C77-CF946DECCD86}.Release|x64.ActiveCfg = Release|Any CPU
		{A013D292-4303-4937-9C77-CF946DECCD86}.Release|x64.Build.0 = Release|Any CPU
		{A013D292-4303-4937-9C77-CF946DECCD86}.Release|x86.ActiveCfg = Release|Any CPU
		{A013D292-4303-4937-9C77-CF946DECCD86}.Release|x86.Build.0 = Release|Any CPU
		{2BAD0840-A3CD-40EF-A5BD-F23EF0CDC644}.ClickOnce|Any CPU.ActiveCfg = Release|Any CPU
		{2BAD0840-A3CD-40EF-A5BD-F23EF0CDC644}.ClickOnce|Any CPU.Build.0 = Release|Any CPU
		{2BAD0840-A3CD-40EF-A5BD-F23EF0CDC644}.ClickOnce|ARM.ActiveCfg = Release|Any CPU
		{2BAD0840-A3CD-40EF-A5BD-F23EF0CDC644}.ClickOnce|ARM.Build.0 = Release|Any CPU
		{2BAD0840-A3CD-40EF-A5BD-F23EF0CDC644}.ClickOnce|x64.ActiveCfg = Release|Any CPU
		{2BAD0840-A3CD-40EF-A5BD-F23EF0CDC644}.ClickOnce|x64.Build.0 = Release|Any CPU
		{2BAD0840-A3CD-40EF-A5BD-F23EF0CDC644}.ClickOnce|x86.ActiveCfg = Release|Any CPU
		{2BAD0840-A3CD-40EF-A5BD-F23EF0CDC644}.ClickOnce|x86.Build.0 = Release|Any CPU
		{2BAD0840-A3CD-40EF-A5BD-F23EF0CDC644}.Debug|Any CPU.ActiveCfg = Debug|Any CPU
		{2BAD0840-A3CD-40EF-A5BD-F23EF0CDC644}.Debug|Any CPU.Build.0 = Debug|Any CPU
		{2BAD0840-A3CD-40EF-A5BD-F23EF0CDC644}.Debug|ARM.ActiveCfg = Debug|Any CPU
		{2BAD0840-A3CD-40EF-A5BD-F23EF0CDC644}.Debug|ARM.Build.0 = Debug|Any CPU
		{2BAD0840-A3CD-40EF-A5BD-F23EF0CDC644}.Debug|x64.ActiveCfg = Debug|Any CPU
		{2BAD0840-A3CD-40EF-A5BD-F23EF0CDC644}.Debug|x64.Build.0 = Debug|Any CPU
		{2BAD0840-A3CD-40EF-A5BD-F23EF0CDC644}.Debug|x86.ActiveCfg = Debug|Any CPU
		{2BAD0840-A3CD-40EF-A5BD-F23EF0CDC644}.Debug|x86.Build.0 = Debug|Any CPU
		{2BAD0840-A3CD-40EF-A5BD-F23EF0CDC644}.Release|Any CPU.ActiveCfg = Release|Any CPU
		{2BAD0840-A3CD-40EF-A5BD-F23EF0CDC644}.Release|Any CPU.Build.0 = Release|Any CPU
		{2BAD0840-A3CD-40EF-A5BD-F23EF0CDC644}.Release|ARM.ActiveCfg = Release|Any CPU
		{2BAD0840-A3CD-40EF-A5BD-F23EF0CDC644}.Release|ARM.Build.0 = Release|Any CPU
		{2BAD0840-A3CD-40EF-A5BD-F23EF0CDC644}.Release|x64.ActiveCfg = Release|Any CPU
		{2BAD0840-A3CD-40EF-A5BD-F23EF0CDC644}.Release|x64.Build.0 = Release|Any CPU
		{2BAD0840-A3CD-40EF-A5BD-F23EF0CDC644}.Release|x86.ActiveCfg = Release|Any CPU
		{2BAD0840-A3CD-40EF-A5BD-F23EF0CDC644}.Release|x86.Build.0 = Release|Any CPU
		{4AEDA336-EC7F-47BA-9376-C820D2284CC9}.ClickOnce|Any CPU.ActiveCfg = Release|Any CPU
		{4AEDA336-EC7F-47BA-9376-C820D2284CC9}.ClickOnce|Any CPU.Build.0 = Release|Any CPU
		{4AEDA336-EC7F-47BA-9376-C820D2284CC9}.ClickOnce|ARM.ActiveCfg = Release|Any CPU
		{4AEDA336-EC7F-47BA-9376-C820D2284CC9}.ClickOnce|ARM.Build.0 = Release|Any CPU
		{4AEDA336-EC7F-47BA-9376-C820D2284CC9}.ClickOnce|x64.ActiveCfg = Release|Any CPU
		{4AEDA336-EC7F-47BA-9376-C820D2284CC9}.ClickOnce|x64.Build.0 = Release|Any CPU
		{4AEDA336-EC7F-47BA-9376-C820D2284CC9}.ClickOnce|x86.ActiveCfg = Release|Any CPU
		{4AEDA336-EC7F-47BA-9376-C820D2284CC9}.ClickOnce|x86.Build.0 = Release|Any CPU
		{4AEDA336-EC7F-47BA-9376-C820D2284CC9}.Debug|Any CPU.ActiveCfg = Debug|Any CPU
		{4AEDA336-EC7F-47BA-9376-C820D2284CC9}.Debug|Any CPU.Build.0 = Debug|Any CPU
		{4AEDA336-EC7F-47BA-9376-C820D2284CC9}.Debug|ARM.ActiveCfg = Debug|Any CPU
		{4AEDA336-EC7F-47BA-9376-C820D2284CC9}.Debug|ARM.Build.0 = Debug|Any CPU
		{4AEDA336-EC7F-47BA-9376-C820D2284CC9}.Debug|x64.ActiveCfg = Debug|Any CPU
		{4AEDA336-EC7F-47BA-9376-C820D2284CC9}.Debug|x64.Build.0 = Debug|Any CPU
		{4AEDA336-EC7F-47BA-9376-C820D2284CC9}.Debug|x86.ActiveCfg = Debug|Any CPU
		{4AEDA336-EC7F-47BA-9376-C820D2284CC9}.Debug|x86.Build.0 = Debug|Any CPU
		{4AEDA336-EC7F-47BA-9376-C820D2284CC9}.Release|Any CPU.ActiveCfg = Release|Any CPU
		{4AEDA336-EC7F-47BA-9376-C820D2284CC9}.Release|Any CPU.Build.0 = Release|Any CPU
		{4AEDA336-EC7F-47BA-9376-C820D2284CC9}.Release|ARM.ActiveCfg = Release|Any CPU
		{4AEDA336-EC7F-47BA-9376-C820D2284CC9}.Release|ARM.Build.0 = Release|Any CPU
		{4AEDA336-EC7F-47BA-9376-C820D2284CC9}.Release|x64.ActiveCfg = Release|Any CPU
		{4AEDA336-EC7F-47BA-9376-C820D2284CC9}.Release|x64.Build.0 = Release|Any CPU
		{4AEDA336-EC7F-47BA-9376-C820D2284CC9}.Release|x86.ActiveCfg = Release|Any CPU
		{4AEDA336-EC7F-47BA-9376-C820D2284CC9}.Release|x86.Build.0 = Release|Any CPU
		{B991D77A-5E9F-474F-93A6-4F12F4F03D52}.ClickOnce|Any CPU.ActiveCfg = Release|Any CPU
		{B991D77A-5E9F-474F-93A6-4F12F4F03D52}.ClickOnce|Any CPU.Build.0 = Release|Any CPU
		{B991D77A-5E9F-474F-93A6-4F12F4F03D52}.ClickOnce|ARM.ActiveCfg = Release|Any CPU
		{B991D77A-5E9F-474F-93A6-4F12F4F03D52}.ClickOnce|ARM.Build.0 = Release|Any CPU
		{B991D77A-5E9F-474F-93A6-4F12F4F03D52}.ClickOnce|x64.ActiveCfg = Release|Any CPU
		{B991D77A-5E9F-474F-93A6-4F12F4F03D52}.ClickOnce|x64.Build.0 = Release|Any CPU
		{B991D77A-5E9F-474F-93A6-4F12F4F03D52}.ClickOnce|x86.ActiveCfg = Release|Any CPU
		{B991D77A-5E9F-474F-93A6-4F12F4F03D52}.ClickOnce|x86.Build.0 = Release|Any CPU
		{B991D77A-5E9F-474F-93A6-4F12F4F03D52}.Debug|Any CPU.ActiveCfg = Debug|Any CPU
		{B991D77A-5E9F-474F-93A6-4F12F4F03D52}.Debug|Any CPU.Build.0 = Debug|Any CPU
		{B991D77A-5E9F-474F-93A6-4F12F4F03D52}.Debug|ARM.ActiveCfg = Debug|Any CPU
		{B991D77A-5E9F-474F-93A6-4F12F4F03D52}.Debug|ARM.Build.0 = Debug|Any CPU
		{B991D77A-5E9F-474F-93A6-4F12F4F03D52}.Debug|x64.ActiveCfg = Debug|Any CPU
		{B991D77A-5E9F-474F-93A6-4F12F4F03D52}.Debug|x64.Build.0 = Debug|Any CPU
		{B991D77A-5E9F-474F-93A6-4F12F4F03D52}.Debug|x86.ActiveCfg = Debug|Any CPU
		{B991D77A-5E9F-474F-93A6-4F12F4F03D52}.Debug|x86.Build.0 = Debug|Any CPU
		{B991D77A-5E9F-474F-93A6-4F12F4F03D52}.Release|Any CPU.ActiveCfg = Release|Any CPU
		{B991D77A-5E9F-474F-93A6-4F12F4F03D52}.Release|Any CPU.Build.0 = Release|Any CPU
		{B991D77A-5E9F-474F-93A6-4F12F4F03D52}.Release|ARM.ActiveCfg = Release|Any CPU
		{B991D77A-5E9F-474F-93A6-4F12F4F03D52}.Release|ARM.Build.0 = Release|Any CPU
		{B991D77A-5E9F-474F-93A6-4F12F4F03D52}.Release|x64.ActiveCfg = Release|Any CPU
		{B991D77A-5E9F-474F-93A6-4F12F4F03D52}.Release|x64.Build.0 = Release|Any CPU
		{B991D77A-5E9F-474F-93A6-4F12F4F03D52}.Release|x86.ActiveCfg = Release|Any CPU
		{B991D77A-5E9F-474F-93A6-4F12F4F03D52}.Release|x86.Build.0 = Release|Any CPU
		{8E6394FF-FD04-49A5-8D03-648A3C42DBE2}.ClickOnce|Any CPU.ActiveCfg = Release|Any CPU
		{8E6394FF-FD04-49A5-8D03-648A3C42DBE2}.ClickOnce|Any CPU.Build.0 = Release|Any CPU
		{8E6394FF-FD04-49A5-8D03-648A3C42DBE2}.ClickOnce|ARM.ActiveCfg = Release|Any CPU
		{8E6394FF-FD04-49A5-8D03-648A3C42DBE2}.ClickOnce|ARM.Build.0 = Release|Any CPU
		{8E6394FF-FD04-49A5-8D03-648A3C42DBE2}.ClickOnce|x64.ActiveCfg = Release|Any CPU
		{8E6394FF-FD04-49A5-8D03-648A3C42DBE2}.ClickOnce|x64.Build.0 = Release|Any CPU
		{8E6394FF-FD04-49A5-8D03-648A3C42DBE2}.ClickOnce|x86.ActiveCfg = Release|Any CPU
		{8E6394FF-FD04-49A5-8D03-648A3C42DBE2}.ClickOnce|x86.Build.0 = Release|Any CPU
		{8E6394FF-FD04-49A5-8D03-648A3C42DBE2}.Debug|Any CPU.ActiveCfg = Debug|Any CPU
		{8E6394FF-FD04-49A5-8D03-648A3C42DBE2}.Debug|Any CPU.Build.0 = Debug|Any CPU
		{8E6394FF-FD04-49A5-8D03-648A3C42DBE2}.Debug|ARM.ActiveCfg = Debug|Any CPU
		{8E6394FF-FD04-49A5-8D03-648A3C42DBE2}.Debug|ARM.Build.0 = Debug|Any CPU
		{8E6394FF-FD04-49A5-8D03-648A3C42DBE2}.Debug|x64.ActiveCfg = Debug|Any CPU
		{8E6394FF-FD04-49A5-8D03-648A3C42DBE2}.Debug|x64.Build.0 = Debug|Any CPU
		{8E6394FF-FD04-49A5-8D03-648A3C42DBE2}.Debug|x86.ActiveCfg = Debug|Any CPU
		{8E6394FF-FD04-49A5-8D03-648A3C42DBE2}.Debug|x86.Build.0 = Debug|Any CPU
		{8E6394FF-FD04-49A5-8D03-648A3C42DBE2}.Release|Any CPU.ActiveCfg = Release|Any CPU
		{8E6394FF-FD04-49A5-8D03-648A3C42DBE2}.Release|Any CPU.Build.0 = Release|Any CPU
		{8E6394FF-FD04-49A5-8D03-648A3C42DBE2}.Release|ARM.ActiveCfg = Release|Any CPU
		{8E6394FF-FD04-49A5-8D03-648A3C42DBE2}.Release|ARM.Build.0 = Release|Any CPU
		{8E6394FF-FD04-49A5-8D03-648A3C42DBE2}.Release|x64.ActiveCfg = Release|Any CPU
		{8E6394FF-FD04-49A5-8D03-648A3C42DBE2}.Release|x64.Build.0 = Release|Any CPU
		{8E6394FF-FD04-49A5-8D03-648A3C42DBE2}.Release|x86.ActiveCfg = Release|Any CPU
		{8E6394FF-FD04-49A5-8D03-648A3C42DBE2}.Release|x86.Build.0 = Release|Any CPU
		{8F6922B7-D200-40E8-B726-D0E828A84532}.ClickOnce|Any CPU.ActiveCfg = Release|Any CPU
		{8F6922B7-D200-40E8-B726-D0E828A84532}.ClickOnce|Any CPU.Build.0 = Release|Any CPU
		{8F6922B7-D200-40E8-B726-D0E828A84532}.ClickOnce|ARM.ActiveCfg = Release|Any CPU
		{8F6922B7-D200-40E8-B726-D0E828A84532}.ClickOnce|ARM.Build.0 = Release|Any CPU
		{8F6922B7-D200-40E8-B726-D0E828A84532}.ClickOnce|x64.ActiveCfg = Release|Any CPU
		{8F6922B7-D200-40E8-B726-D0E828A84532}.ClickOnce|x64.Build.0 = Release|Any CPU
		{8F6922B7-D200-40E8-B726-D0E828A84532}.ClickOnce|x86.ActiveCfg = Release|Any CPU
		{8F6922B7-D200-40E8-B726-D0E828A84532}.ClickOnce|x86.Build.0 = Release|Any CPU
		{8F6922B7-D200-40E8-B726-D0E828A84532}.Debug|Any CPU.ActiveCfg = Debug|Any CPU
		{8F6922B7-D200-40E8-B726-D0E828A84532}.Debug|Any CPU.Build.0 = Debug|Any CPU
		{8F6922B7-D200-40E8-B726-D0E828A84532}.Debug|ARM.ActiveCfg = Debug|Any CPU
		{8F6922B7-D200-40E8-B726-D0E828A84532}.Debug|ARM.Build.0 = Debug|Any CPU
		{8F6922B7-D200-40E8-B726-D0E828A84532}.Debug|x64.ActiveCfg = Debug|Any CPU
		{8F6922B7-D200-40E8-B726-D0E828A84532}.Debug|x64.Build.0 = Debug|Any CPU
		{8F6922B7-D200-40E8-B726-D0E828A84532}.Debug|x86.ActiveCfg = Debug|Any CPU
		{8F6922B7-D200-40E8-B726-D0E828A84532}.Debug|x86.Build.0 = Debug|Any CPU
		{8F6922B7-D200-40E8-B726-D0E828A84532}.Release|Any CPU.ActiveCfg = Release|Any CPU
		{8F6922B7-D200-40E8-B726-D0E828A84532}.Release|Any CPU.Build.0 = Release|Any CPU
		{8F6922B7-D200-40E8-B726-D0E828A84532}.Release|ARM.ActiveCfg = Release|Any CPU
		{8F6922B7-D200-40E8-B726-D0E828A84532}.Release|ARM.Build.0 = Release|Any CPU
		{8F6922B7-D200-40E8-B726-D0E828A84532}.Release|x64.ActiveCfg = Release|Any CPU
		{8F6922B7-D200-40E8-B726-D0E828A84532}.Release|x64.Build.0 = Release|Any CPU
		{8F6922B7-D200-40E8-B726-D0E828A84532}.Release|x86.ActiveCfg = Release|Any CPU
		{8F6922B7-D200-40E8-B726-D0E828A84532}.Release|x86.Build.0 = Release|Any CPU
		{AEDAE266-1546-4E65-AB2C-935D70FE5E76}.ClickOnce|Any CPU.ActiveCfg = Release|Any CPU
		{AEDAE266-1546-4E65-AB2C-935D70FE5E76}.ClickOnce|Any CPU.Build.0 = Release|Any CPU
		{AEDAE266-1546-4E65-AB2C-935D70FE5E76}.ClickOnce|ARM.ActiveCfg = Release|Any CPU
		{AEDAE266-1546-4E65-AB2C-935D70FE5E76}.ClickOnce|ARM.Build.0 = Release|Any CPU
		{AEDAE266-1546-4E65-AB2C-935D70FE5E76}.ClickOnce|x64.ActiveCfg = Release|Any CPU
		{AEDAE266-1546-4E65-AB2C-935D70FE5E76}.ClickOnce|x64.Build.0 = Release|Any CPU
		{AEDAE266-1546-4E65-AB2C-935D70FE5E76}.ClickOnce|x86.ActiveCfg = Release|Any CPU
		{AEDAE266-1546-4E65-AB2C-935D70FE5E76}.ClickOnce|x86.Build.0 = Release|Any CPU
		{AEDAE266-1546-4E65-AB2C-935D70FE5E76}.Debug|Any CPU.ActiveCfg = Debug|Any CPU
		{AEDAE266-1546-4E65-AB2C-935D70FE5E76}.Debug|Any CPU.Build.0 = Debug|Any CPU
		{AEDAE266-1546-4E65-AB2C-935D70FE5E76}.Debug|ARM.ActiveCfg = Debug|Any CPU
		{AEDAE266-1546-4E65-AB2C-935D70FE5E76}.Debug|ARM.Build.0 = Debug|Any CPU
		{AEDAE266-1546-4E65-AB2C-935D70FE5E76}.Debug|x64.ActiveCfg = Debug|Any CPU
		{AEDAE266-1546-4E65-AB2C-935D70FE5E76}.Debug|x64.Build.0 = Debug|Any CPU
		{AEDAE266-1546-4E65-AB2C-935D70FE5E76}.Debug|x86.ActiveCfg = Debug|Any CPU
		{AEDAE266-1546-4E65-AB2C-935D70FE5E76}.Debug|x86.Build.0 = Debug|Any CPU
		{AEDAE266-1546-4E65-AB2C-935D70FE5E76}.Release|Any CPU.ActiveCfg = Release|Any CPU
		{AEDAE266-1546-4E65-AB2C-935D70FE5E76}.Release|Any CPU.Build.0 = Release|Any CPU
		{AEDAE266-1546-4E65-AB2C-935D70FE5E76}.Release|ARM.ActiveCfg = Release|Any CPU
		{AEDAE266-1546-4E65-AB2C-935D70FE5E76}.Release|ARM.Build.0 = Release|Any CPU
		{AEDAE266-1546-4E65-AB2C-935D70FE5E76}.Release|x64.ActiveCfg = Release|Any CPU
		{AEDAE266-1546-4E65-AB2C-935D70FE5E76}.Release|x64.Build.0 = Release|Any CPU
		{AEDAE266-1546-4E65-AB2C-935D70FE5E76}.Release|x86.ActiveCfg = Release|Any CPU
		{AEDAE266-1546-4E65-AB2C-935D70FE5E76}.Release|x86.Build.0 = Release|Any CPU
		{60EFE219-3468-4B28-8193-4CCD9415C954}.ClickOnce|Any CPU.ActiveCfg = Release|Any CPU
		{60EFE219-3468-4B28-8193-4CCD9415C954}.ClickOnce|Any CPU.Build.0 = Release|Any CPU
		{60EFE219-3468-4B28-8193-4CCD9415C954}.ClickOnce|ARM.ActiveCfg = Release|Any CPU
		{60EFE219-3468-4B28-8193-4CCD9415C954}.ClickOnce|ARM.Build.0 = Release|Any CPU
		{60EFE219-3468-4B28-8193-4CCD9415C954}.ClickOnce|x64.ActiveCfg = Release|Any CPU
		{60EFE219-3468-4B28-8193-4CCD9415C954}.ClickOnce|x64.Build.0 = Release|Any CPU
		{60EFE219-3468-4B28-8193-4CCD9415C954}.ClickOnce|x86.ActiveCfg = Release|Any CPU
		{60EFE219-3468-4B28-8193-4CCD9415C954}.ClickOnce|x86.Build.0 = Release|Any CPU
		{60EFE219-3468-4B28-8193-4CCD9415C954}.Debug|Any CPU.ActiveCfg = Debug|Any CPU
		{60EFE219-3468-4B28-8193-4CCD9415C954}.Debug|Any CPU.Build.0 = Debug|Any CPU
		{60EFE219-3468-4B28-8193-4CCD9415C954}.Debug|ARM.ActiveCfg = Debug|Any CPU
		{60EFE219-3468-4B28-8193-4CCD9415C954}.Debug|ARM.Build.0 = Debug|Any CPU
		{60EFE219-3468-4B28-8193-4CCD9415C954}.Debug|x64.ActiveCfg = Debug|Any CPU
		{60EFE219-3468-4B28-8193-4CCD9415C954}.Debug|x64.Build.0 = Debug|Any CPU
		{60EFE219-3468-4B28-8193-4CCD9415C954}.Debug|x86.ActiveCfg = Debug|Any CPU
		{60EFE219-3468-4B28-8193-4CCD9415C954}.Debug|x86.Build.0 = Debug|Any CPU
		{60EFE219-3468-4B28-8193-4CCD9415C954}.Release|Any CPU.ActiveCfg = Release|Any CPU
		{60EFE219-3468-4B28-8193-4CCD9415C954}.Release|Any CPU.Build.0 = Release|Any CPU
		{60EFE219-3468-4B28-8193-4CCD9415C954}.Release|ARM.ActiveCfg = Release|Any CPU
		{60EFE219-3468-4B28-8193-4CCD9415C954}.Release|ARM.Build.0 = Release|Any CPU
		{60EFE219-3468-4B28-8193-4CCD9415C954}.Release|x64.ActiveCfg = Release|Any CPU
		{60EFE219-3468-4B28-8193-4CCD9415C954}.Release|x64.Build.0 = Release|Any CPU
		{60EFE219-3468-4B28-8193-4CCD9415C954}.Release|x86.ActiveCfg = Release|Any CPU
		{60EFE219-3468-4B28-8193-4CCD9415C954}.Release|x86.Build.0 = Release|Any CPU
		{15455202-7E7B-444E-B23F-5350847FBBEA}.ClickOnce|Any CPU.ActiveCfg = Release|Any CPU
		{15455202-7E7B-444E-B23F-5350847FBBEA}.ClickOnce|Any CPU.Build.0 = Release|Any CPU
		{15455202-7E7B-444E-B23F-5350847FBBEA}.ClickOnce|ARM.ActiveCfg = Release|Any CPU
		{15455202-7E7B-444E-B23F-5350847FBBEA}.ClickOnce|ARM.Build.0 = Release|Any CPU
		{15455202-7E7B-444E-B23F-5350847FBBEA}.ClickOnce|x64.ActiveCfg = Release|Any CPU
		{15455202-7E7B-444E-B23F-5350847FBBEA}.ClickOnce|x64.Build.0 = Release|Any CPU
		{15455202-7E7B-444E-B23F-5350847FBBEA}.ClickOnce|x86.ActiveCfg = Release|Any CPU
		{15455202-7E7B-444E-B23F-5350847FBBEA}.ClickOnce|x86.Build.0 = Release|Any CPU
		{15455202-7E7B-444E-B23F-5350847FBBEA}.Debug|Any CPU.ActiveCfg = Debug|Any CPU
		{15455202-7E7B-444E-B23F-5350847FBBEA}.Debug|Any CPU.Build.0 = Debug|Any CPU
		{15455202-7E7B-444E-B23F-5350847FBBEA}.Debug|ARM.ActiveCfg = Debug|Any CPU
		{15455202-7E7B-444E-B23F-5350847FBBEA}.Debug|ARM.Build.0 = Debug|Any CPU
		{15455202-7E7B-444E-B23F-5350847FBBEA}.Debug|x64.ActiveCfg = Debug|Any CPU
		{15455202-7E7B-444E-B23F-5350847FBBEA}.Debug|x64.Build.0 = Debug|Any CPU
		{15455202-7E7B-444E-B23F-5350847FBBEA}.Debug|x86.ActiveCfg = Debug|Any CPU
		{15455202-7E7B-444E-B23F-5350847FBBEA}.Debug|x86.Build.0 = Debug|Any CPU
		{15455202-7E7B-444E-B23F-5350847FBBEA}.Release|Any CPU.ActiveCfg = Release|Any CPU
		{15455202-7E7B-444E-B23F-5350847FBBEA}.Release|Any CPU.Build.0 = Release|Any CPU
		{15455202-7E7B-444E-B23F-5350847FBBEA}.Release|ARM.ActiveCfg = Release|Any CPU
		{15455202-7E7B-444E-B23F-5350847FBBEA}.Release|ARM.Build.0 = Release|Any CPU
		{15455202-7E7B-444E-B23F-5350847FBBEA}.Release|x64.ActiveCfg = Release|Any CPU
		{15455202-7E7B-444E-B23F-5350847FBBEA}.Release|x64.Build.0 = Release|Any CPU
		{15455202-7E7B-444E-B23F-5350847FBBEA}.Release|x86.ActiveCfg = Release|Any CPU
		{15455202-7E7B-444E-B23F-5350847FBBEA}.Release|x86.Build.0 = Release|Any CPU
		{1825A02B-7171-4A6A-A41A-C33A2BC1A56B}.ClickOnce|Any CPU.ActiveCfg = Release|Any CPU
		{1825A02B-7171-4A6A-A41A-C33A2BC1A56B}.ClickOnce|Any CPU.Build.0 = Release|Any CPU
		{1825A02B-7171-4A6A-A41A-C33A2BC1A56B}.ClickOnce|ARM.ActiveCfg = Release|Any CPU
		{1825A02B-7171-4A6A-A41A-C33A2BC1A56B}.ClickOnce|ARM.Build.0 = Release|Any CPU
		{1825A02B-7171-4A6A-A41A-C33A2BC1A56B}.ClickOnce|x64.ActiveCfg = Release|Any CPU
		{1825A02B-7171-4A6A-A41A-C33A2BC1A56B}.ClickOnce|x64.Build.0 = Release|Any CPU
		{1825A02B-7171-4A6A-A41A-C33A2BC1A56B}.ClickOnce|x86.ActiveCfg = Release|Any CPU
		{1825A02B-7171-4A6A-A41A-C33A2BC1A56B}.ClickOnce|x86.Build.0 = Release|Any CPU
		{1825A02B-7171-4A6A-A41A-C33A2BC1A56B}.Debug|Any CPU.ActiveCfg = Debug|Any CPU
		{1825A02B-7171-4A6A-A41A-C33A2BC1A56B}.Debug|Any CPU.Build.0 = Debug|Any CPU
		{1825A02B-7171-4A6A-A41A-C33A2BC1A56B}.Debug|ARM.ActiveCfg = Debug|Any CPU
		{1825A02B-7171-4A6A-A41A-C33A2BC1A56B}.Debug|ARM.Build.0 = Debug|Any CPU
		{1825A02B-7171-4A6A-A41A-C33A2BC1A56B}.Debug|x64.ActiveCfg = Debug|Any CPU
		{1825A02B-7171-4A6A-A41A-C33A2BC1A56B}.Debug|x64.Build.0 = Debug|Any CPU
		{1825A02B-7171-4A6A-A41A-C33A2BC1A56B}.Debug|x86.ActiveCfg = Debug|Any CPU
		{1825A02B-7171-4A6A-A41A-C33A2BC1A56B}.Debug|x86.Build.0 = Debug|Any CPU
		{1825A02B-7171-4A6A-A41A-C33A2BC1A56B}.Release|Any CPU.ActiveCfg = Release|Any CPU
		{1825A02B-7171-4A6A-A41A-C33A2BC1A56B}.Release|Any CPU.Build.0 = Release|Any CPU
		{1825A02B-7171-4A6A-A41A-C33A2BC1A56B}.Release|ARM.ActiveCfg = Release|Any CPU
		{1825A02B-7171-4A6A-A41A-C33A2BC1A56B}.Release|ARM.Build.0 = Release|Any CPU
		{1825A02B-7171-4A6A-A41A-C33A2BC1A56B}.Release|x64.ActiveCfg = Release|Any CPU
		{1825A02B-7171-4A6A-A41A-C33A2BC1A56B}.Release|x64.Build.0 = Release|Any CPU
		{1825A02B-7171-4A6A-A41A-C33A2BC1A56B}.Release|x86.ActiveCfg = Release|Any CPU
		{1825A02B-7171-4A6A-A41A-C33A2BC1A56B}.Release|x86.Build.0 = Release|Any CPU
		{8F033199-B1BA-4F3D-B390-FE211C138DE8}.ClickOnce|Any CPU.ActiveCfg = Release|Any CPU
		{8F033199-B1BA-4F3D-B390-FE211C138DE8}.ClickOnce|Any CPU.Build.0 = Release|Any CPU
		{8F033199-B1BA-4F3D-B390-FE211C138DE8}.ClickOnce|ARM.ActiveCfg = Release|Any CPU
		{8F033199-B1BA-4F3D-B390-FE211C138DE8}.ClickOnce|ARM.Build.0 = Release|Any CPU
		{8F033199-B1BA-4F3D-B390-FE211C138DE8}.ClickOnce|x64.ActiveCfg = Release|Any CPU
		{8F033199-B1BA-4F3D-B390-FE211C138DE8}.ClickOnce|x64.Build.0 = Release|Any CPU
		{8F033199-B1BA-4F3D-B390-FE211C138DE8}.ClickOnce|x86.ActiveCfg = Release|Any CPU
		{8F033199-B1BA-4F3D-B390-FE211C138DE8}.ClickOnce|x86.Build.0 = Release|Any CPU
		{8F033199-B1BA-4F3D-B390-FE211C138DE8}.Debug|Any CPU.ActiveCfg = Debug|Any CPU
		{8F033199-B1BA-4F3D-B390-FE211C138DE8}.Debug|Any CPU.Build.0 = Debug|Any CPU
		{8F033199-B1BA-4F3D-B390-FE211C138DE8}.Debug|ARM.ActiveCfg = Debug|Any CPU
		{8F033199-B1BA-4F3D-B390-FE211C138DE8}.Debug|ARM.Build.0 = Debug|Any CPU
		{8F033199-B1BA-4F3D-B390-FE211C138DE8}.Debug|x64.ActiveCfg = Debug|Any CPU
		{8F033199-B1BA-4F3D-B390-FE211C138DE8}.Debug|x64.Build.0 = Debug|Any CPU
		{8F033199-B1BA-4F3D-B390-FE211C138DE8}.Debug|x86.ActiveCfg = Debug|Any CPU
		{8F033199-B1BA-4F3D-B390-FE211C138DE8}.Debug|x86.Build.0 = Debug|Any CPU
		{8F033199-B1BA-4F3D-B390-FE211C138DE8}.Release|Any CPU.ActiveCfg = Release|Any CPU
		{8F033199-B1BA-4F3D-B390-FE211C138DE8}.Release|Any CPU.Build.0 = Release|Any CPU
		{8F033199-B1BA-4F3D-B390-FE211C138DE8}.Release|ARM.ActiveCfg = Release|Any CPU
		{8F033199-B1BA-4F3D-B390-FE211C138DE8}.Release|ARM.Build.0 = Release|Any CPU
		{8F033199-B1BA-4F3D-B390-FE211C138DE8}.Release|x64.ActiveCfg = Release|Any CPU
		{8F033199-B1BA-4F3D-B390-FE211C138DE8}.Release|x64.Build.0 = Release|Any CPU
		{8F033199-B1BA-4F3D-B390-FE211C138DE8}.Release|x86.ActiveCfg = Release|Any CPU
		{8F033199-B1BA-4F3D-B390-FE211C138DE8}.Release|x86.Build.0 = Release|Any CPU
		{380C181D-1CC9-4506-B5DF-800CF0DE6D76}.ClickOnce|Any CPU.ActiveCfg = Release|Any CPU
		{380C181D-1CC9-4506-B5DF-800CF0DE6D76}.ClickOnce|Any CPU.Build.0 = Release|Any CPU
		{380C181D-1CC9-4506-B5DF-800CF0DE6D76}.ClickOnce|ARM.ActiveCfg = Release|Any CPU
		{380C181D-1CC9-4506-B5DF-800CF0DE6D76}.ClickOnce|ARM.Build.0 = Release|Any CPU
		{380C181D-1CC9-4506-B5DF-800CF0DE6D76}.ClickOnce|x64.ActiveCfg = Release|Any CPU
		{380C181D-1CC9-4506-B5DF-800CF0DE6D76}.ClickOnce|x64.Build.0 = Release|Any CPU
		{380C181D-1CC9-4506-B5DF-800CF0DE6D76}.ClickOnce|x86.ActiveCfg = Release|Any CPU
		{380C181D-1CC9-4506-B5DF-800CF0DE6D76}.ClickOnce|x86.Build.0 = Release|Any CPU
		{380C181D-1CC9-4506-B5DF-800CF0DE6D76}.Debug|Any CPU.ActiveCfg = Debug|Any CPU
		{380C181D-1CC9-4506-B5DF-800CF0DE6D76}.Debug|Any CPU.Build.0 = Debug|Any CPU
		{380C181D-1CC9-4506-B5DF-800CF0DE6D76}.Debug|ARM.ActiveCfg = Debug|Any CPU
		{380C181D-1CC9-4506-B5DF-800CF0DE6D76}.Debug|ARM.Build.0 = Debug|Any CPU
		{380C181D-1CC9-4506-B5DF-800CF0DE6D76}.Debug|x64.ActiveCfg = Debug|Any CPU
		{380C181D-1CC9-4506-B5DF-800CF0DE6D76}.Debug|x64.Build.0 = Debug|Any CPU
		{380C181D-1CC9-4506-B5DF-800CF0DE6D76}.Debug|x86.ActiveCfg = Debug|Any CPU
		{380C181D-1CC9-4506-B5DF-800CF0DE6D76}.Debug|x86.Build.0 = Debug|Any CPU
		{380C181D-1CC9-4506-B5DF-800CF0DE6D76}.Release|Any CPU.ActiveCfg = Release|Any CPU
		{380C181D-1CC9-4506-B5DF-800CF0DE6D76}.Release|Any CPU.Build.0 = Release|Any CPU
		{380C181D-1CC9-4506-B5DF-800CF0DE6D76}.Release|ARM.ActiveCfg = Release|Any CPU
		{380C181D-1CC9-4506-B5DF-800CF0DE6D76}.Release|ARM.Build.0 = Release|Any CPU
		{380C181D-1CC9-4506-B5DF-800CF0DE6D76}.Release|x64.ActiveCfg = Release|Any CPU
		{380C181D-1CC9-4506-B5DF-800CF0DE6D76}.Release|x64.Build.0 = Release|Any CPU
		{380C181D-1CC9-4506-B5DF-800CF0DE6D76}.Release|x86.ActiveCfg = Release|Any CPU
		{380C181D-1CC9-4506-B5DF-800CF0DE6D76}.Release|x86.Build.0 = Release|Any CPU
		{7C6C4C53-0543-4F60-B95A-34F0452A1E26}.ClickOnce|Any CPU.ActiveCfg = Release|Any CPU
		{7C6C4C53-0543-4F60-B95A-34F0452A1E26}.ClickOnce|Any CPU.Build.0 = Release|Any CPU
		{7C6C4C53-0543-4F60-B95A-34F0452A1E26}.ClickOnce|ARM.ActiveCfg = Release|Any CPU
		{7C6C4C53-0543-4F60-B95A-34F0452A1E26}.ClickOnce|ARM.Build.0 = Release|Any CPU
		{7C6C4C53-0543-4F60-B95A-34F0452A1E26}.ClickOnce|x64.ActiveCfg = Release|Any CPU
		{7C6C4C53-0543-4F60-B95A-34F0452A1E26}.ClickOnce|x64.Build.0 = Release|Any CPU
		{7C6C4C53-0543-4F60-B95A-34F0452A1E26}.ClickOnce|x86.ActiveCfg = Release|Any CPU
		{7C6C4C53-0543-4F60-B95A-34F0452A1E26}.ClickOnce|x86.Build.0 = Release|Any CPU
		{7C6C4C53-0543-4F60-B95A-34F0452A1E26}.Debug|Any CPU.ActiveCfg = Debug|Any CPU
		{7C6C4C53-0543-4F60-B95A-34F0452A1E26}.Debug|Any CPU.Build.0 = Debug|Any CPU
		{7C6C4C53-0543-4F60-B95A-34F0452A1E26}.Debug|ARM.ActiveCfg = Debug|Any CPU
		{7C6C4C53-0543-4F60-B95A-34F0452A1E26}.Debug|ARM.Build.0 = Debug|Any CPU
		{7C6C4C53-0543-4F60-B95A-34F0452A1E26}.Debug|x64.ActiveCfg = Debug|Any CPU
		{7C6C4C53-0543-4F60-B95A-34F0452A1E26}.Debug|x64.Build.0 = Debug|Any CPU
		{7C6C4C53-0543-4F60-B95A-34F0452A1E26}.Debug|x86.ActiveCfg = Debug|Any CPU
		{7C6C4C53-0543-4F60-B95A-34F0452A1E26}.Debug|x86.Build.0 = Debug|Any CPU
		{7C6C4C53-0543-4F60-B95A-34F0452A1E26}.Release|Any CPU.ActiveCfg = Release|Any CPU
		{7C6C4C53-0543-4F60-B95A-34F0452A1E26}.Release|Any CPU.Build.0 = Release|Any CPU
		{7C6C4C53-0543-4F60-B95A-34F0452A1E26}.Release|ARM.ActiveCfg = Release|Any CPU
		{7C6C4C53-0543-4F60-B95A-34F0452A1E26}.Release|ARM.Build.0 = Release|Any CPU
		{7C6C4C53-0543-4F60-B95A-34F0452A1E26}.Release|x64.ActiveCfg = Release|Any CPU
		{7C6C4C53-0543-4F60-B95A-34F0452A1E26}.Release|x64.Build.0 = Release|Any CPU
		{7C6C4C53-0543-4F60-B95A-34F0452A1E26}.Release|x86.ActiveCfg = Release|Any CPU
		{7C6C4C53-0543-4F60-B95A-34F0452A1E26}.Release|x86.Build.0 = Release|Any CPU
		{FF750146-3E5E-47EF-A77B-80EE1924E0DA}.ClickOnce|Any CPU.ActiveCfg = Release|Any CPU
		{FF750146-3E5E-47EF-A77B-80EE1924E0DA}.ClickOnce|Any CPU.Build.0 = Release|Any CPU
		{FF750146-3E5E-47EF-A77B-80EE1924E0DA}.ClickOnce|ARM.ActiveCfg = Release|Any CPU
		{FF750146-3E5E-47EF-A77B-80EE1924E0DA}.ClickOnce|ARM.Build.0 = Release|Any CPU
		{FF750146-3E5E-47EF-A77B-80EE1924E0DA}.ClickOnce|x64.ActiveCfg = Release|Any CPU
		{FF750146-3E5E-47EF-A77B-80EE1924E0DA}.ClickOnce|x64.Build.0 = Release|Any CPU
		{FF750146-3E5E-47EF-A77B-80EE1924E0DA}.ClickOnce|x86.ActiveCfg = Release|Any CPU
		{FF750146-3E5E-47EF-A77B-80EE1924E0DA}.ClickOnce|x86.Build.0 = Release|Any CPU
		{FF750146-3E5E-47EF-A77B-80EE1924E0DA}.Debug|Any CPU.ActiveCfg = Debug|Any CPU
		{FF750146-3E5E-47EF-A77B-80EE1924E0DA}.Debug|Any CPU.Build.0 = Debug|Any CPU
		{FF750146-3E5E-47EF-A77B-80EE1924E0DA}.Debug|ARM.ActiveCfg = Debug|Any CPU
		{FF750146-3E5E-47EF-A77B-80EE1924E0DA}.Debug|ARM.Build.0 = Debug|Any CPU
		{FF750146-3E5E-47EF-A77B-80EE1924E0DA}.Debug|x64.ActiveCfg = Debug|Any CPU
		{FF750146-3E5E-47EF-A77B-80EE1924E0DA}.Debug|x64.Build.0 = Debug|Any CPU
		{FF750146-3E5E-47EF-A77B-80EE1924E0DA}.Debug|x86.ActiveCfg = Debug|Any CPU
		{FF750146-3E5E-47EF-A77B-80EE1924E0DA}.Debug|x86.Build.0 = Debug|Any CPU
		{FF750146-3E5E-47EF-A77B-80EE1924E0DA}.Release|Any CPU.ActiveCfg = Release|Any CPU
		{FF750146-3E5E-47EF-A77B-80EE1924E0DA}.Release|Any CPU.Build.0 = Release|Any CPU
		{FF750146-3E5E-47EF-A77B-80EE1924E0DA}.Release|ARM.ActiveCfg = Release|Any CPU
		{FF750146-3E5E-47EF-A77B-80EE1924E0DA}.Release|ARM.Build.0 = Release|Any CPU
		{FF750146-3E5E-47EF-A77B-80EE1924E0DA}.Release|x64.ActiveCfg = Release|Any CPU
		{FF750146-3E5E-47EF-A77B-80EE1924E0DA}.Release|x64.Build.0 = Release|Any CPU
		{FF750146-3E5E-47EF-A77B-80EE1924E0DA}.Release|x86.ActiveCfg = Release|Any CPU
		{FF750146-3E5E-47EF-A77B-80EE1924E0DA}.Release|x86.Build.0 = Release|Any CPU
		{FAAE9DCD-AED9-4FDA-BE92-3D9B7AFEF6ED}.ClickOnce|Any CPU.ActiveCfg = ClickOnce|Any CPU
		{FAAE9DCD-AED9-4FDA-BE92-3D9B7AFEF6ED}.ClickOnce|Any CPU.Build.0 = ClickOnce|Any CPU
		{FAAE9DCD-AED9-4FDA-BE92-3D9B7AFEF6ED}.ClickOnce|ARM.ActiveCfg = Release|Any CPU
		{FAAE9DCD-AED9-4FDA-BE92-3D9B7AFEF6ED}.ClickOnce|ARM.Build.0 = Release|Any CPU
		{FAAE9DCD-AED9-4FDA-BE92-3D9B7AFEF6ED}.ClickOnce|x64.ActiveCfg = Release|Any CPU
		{FAAE9DCD-AED9-4FDA-BE92-3D9B7AFEF6ED}.ClickOnce|x64.Build.0 = Release|Any CPU
		{FAAE9DCD-AED9-4FDA-BE92-3D9B7AFEF6ED}.ClickOnce|x86.ActiveCfg = Release|Any CPU
		{FAAE9DCD-AED9-4FDA-BE92-3D9B7AFEF6ED}.ClickOnce|x86.Build.0 = Release|Any CPU
		{FAAE9DCD-AED9-4FDA-BE92-3D9B7AFEF6ED}.Debug|Any CPU.ActiveCfg = Debug|Any CPU
		{FAAE9DCD-AED9-4FDA-BE92-3D9B7AFEF6ED}.Debug|Any CPU.Build.0 = Debug|Any CPU
		{FAAE9DCD-AED9-4FDA-BE92-3D9B7AFEF6ED}.Debug|ARM.ActiveCfg = Debug|Any CPU
		{FAAE9DCD-AED9-4FDA-BE92-3D9B7AFEF6ED}.Debug|ARM.Build.0 = Debug|Any CPU
		{FAAE9DCD-AED9-4FDA-BE92-3D9B7AFEF6ED}.Debug|x64.ActiveCfg = Debug|Any CPU
		{FAAE9DCD-AED9-4FDA-BE92-3D9B7AFEF6ED}.Debug|x64.Build.0 = Debug|Any CPU
		{FAAE9DCD-AED9-4FDA-BE92-3D9B7AFEF6ED}.Debug|x86.ActiveCfg = Debug|Any CPU
		{FAAE9DCD-AED9-4FDA-BE92-3D9B7AFEF6ED}.Debug|x86.Build.0 = Debug|Any CPU
		{FAAE9DCD-AED9-4FDA-BE92-3D9B7AFEF6ED}.Release|Any CPU.ActiveCfg = Release|Any CPU
		{FAAE9DCD-AED9-4FDA-BE92-3D9B7AFEF6ED}.Release|Any CPU.Build.0 = Release|Any CPU
		{FAAE9DCD-AED9-4FDA-BE92-3D9B7AFEF6ED}.Release|ARM.ActiveCfg = Release|Any CPU
		{FAAE9DCD-AED9-4FDA-BE92-3D9B7AFEF6ED}.Release|ARM.Build.0 = Release|Any CPU
		{FAAE9DCD-AED9-4FDA-BE92-3D9B7AFEF6ED}.Release|x64.ActiveCfg = Release|Any CPU
		{FAAE9DCD-AED9-4FDA-BE92-3D9B7AFEF6ED}.Release|x64.Build.0 = Release|Any CPU
		{FAAE9DCD-AED9-4FDA-BE92-3D9B7AFEF6ED}.Release|x86.ActiveCfg = Release|Any CPU
		{FAAE9DCD-AED9-4FDA-BE92-3D9B7AFEF6ED}.Release|x86.Build.0 = Release|Any CPU
		{DC737138-099C-41C5-928B-5C8BC729D84E}.ClickOnce|Any CPU.ActiveCfg = Release|Any CPU
		{DC737138-099C-41C5-928B-5C8BC729D84E}.ClickOnce|Any CPU.Build.0 = Release|Any CPU
		{DC737138-099C-41C5-928B-5C8BC729D84E}.ClickOnce|ARM.ActiveCfg = Release|Any CPU
		{DC737138-099C-41C5-928B-5C8BC729D84E}.ClickOnce|ARM.Build.0 = Release|Any CPU
		{DC737138-099C-41C5-928B-5C8BC729D84E}.ClickOnce|x64.ActiveCfg = Release|Any CPU
		{DC737138-099C-41C5-928B-5C8BC729D84E}.ClickOnce|x64.Build.0 = Release|Any CPU
		{DC737138-099C-41C5-928B-5C8BC729D84E}.ClickOnce|x86.ActiveCfg = Release|Any CPU
		{DC737138-099C-41C5-928B-5C8BC729D84E}.ClickOnce|x86.Build.0 = Release|Any CPU
		{DC737138-099C-41C5-928B-5C8BC729D84E}.Debug|Any CPU.ActiveCfg = Debug|Any CPU
		{DC737138-099C-41C5-928B-5C8BC729D84E}.Debug|Any CPU.Build.0 = Debug|Any CPU
		{DC737138-099C-41C5-928B-5C8BC729D84E}.Debug|ARM.ActiveCfg = Debug|Any CPU
		{DC737138-099C-41C5-928B-5C8BC729D84E}.Debug|ARM.Build.0 = Debug|Any CPU
		{DC737138-099C-41C5-928B-5C8BC729D84E}.Debug|x64.ActiveCfg = Debug|Any CPU
		{DC737138-099C-41C5-928B-5C8BC729D84E}.Debug|x64.Build.0 = Debug|Any CPU
		{DC737138-099C-41C5-928B-5C8BC729D84E}.Debug|x86.ActiveCfg = Debug|Any CPU
		{DC737138-099C-41C5-928B-5C8BC729D84E}.Debug|x86.Build.0 = Debug|Any CPU
		{DC737138-099C-41C5-928B-5C8BC729D84E}.Release|Any CPU.ActiveCfg = Release|Any CPU
		{DC737138-099C-41C5-928B-5C8BC729D84E}.Release|Any CPU.Build.0 = Release|Any CPU
		{DC737138-099C-41C5-928B-5C8BC729D84E}.Release|ARM.ActiveCfg = Release|Any CPU
		{DC737138-099C-41C5-928B-5C8BC729D84E}.Release|ARM.Build.0 = Release|Any CPU
		{DC737138-099C-41C5-928B-5C8BC729D84E}.Release|x64.ActiveCfg = Release|Any CPU
		{DC737138-099C-41C5-928B-5C8BC729D84E}.Release|x64.Build.0 = Release|Any CPU
		{DC737138-099C-41C5-928B-5C8BC729D84E}.Release|x86.ActiveCfg = Release|Any CPU
		{DC737138-099C-41C5-928B-5C8BC729D84E}.Release|x86.Build.0 = Release|Any CPU
		{09FB5FDB-1521-4979-928F-03F1B785B641}.ClickOnce|Any CPU.ActiveCfg = Release|Any CPU
		{09FB5FDB-1521-4979-928F-03F1B785B641}.ClickOnce|Any CPU.Build.0 = Release|Any CPU
		{09FB5FDB-1521-4979-928F-03F1B785B641}.ClickOnce|ARM.ActiveCfg = Release|Any CPU
		{09FB5FDB-1521-4979-928F-03F1B785B641}.ClickOnce|ARM.Build.0 = Release|Any CPU
		{09FB5FDB-1521-4979-928F-03F1B785B641}.ClickOnce|x64.ActiveCfg = Release|Any CPU
		{09FB5FDB-1521-4979-928F-03F1B785B641}.ClickOnce|x64.Build.0 = Release|Any CPU
		{09FB5FDB-1521-4979-928F-03F1B785B641}.ClickOnce|x86.ActiveCfg = Release|Any CPU
		{09FB5FDB-1521-4979-928F-03F1B785B641}.ClickOnce|x86.Build.0 = Release|Any CPU
		{09FB5FDB-1521-4979-928F-03F1B785B641}.Debug|Any CPU.ActiveCfg = Debug|Any CPU
		{09FB5FDB-1521-4979-928F-03F1B785B641}.Debug|Any CPU.Build.0 = Debug|Any CPU
		{09FB5FDB-1521-4979-928F-03F1B785B641}.Debug|ARM.ActiveCfg = Debug|Any CPU
		{09FB5FDB-1521-4979-928F-03F1B785B641}.Debug|ARM.Build.0 = Debug|Any CPU
		{09FB5FDB-1521-4979-928F-03F1B785B641}.Debug|x64.ActiveCfg = Debug|Any CPU
		{09FB5FDB-1521-4979-928F-03F1B785B641}.Debug|x64.Build.0 = Debug|Any CPU
		{09FB5FDB-1521-4979-928F-03F1B785B641}.Debug|x86.ActiveCfg = Debug|Any CPU
		{09FB5FDB-1521-4979-928F-03F1B785B641}.Debug|x86.Build.0 = Debug|Any CPU
		{09FB5FDB-1521-4979-928F-03F1B785B641}.Release|Any CPU.ActiveCfg = Release|Any CPU
		{09FB5FDB-1521-4979-928F-03F1B785B641}.Release|Any CPU.Build.0 = Release|Any CPU
		{09FB5FDB-1521-4979-928F-03F1B785B641}.Release|ARM.ActiveCfg = Release|Any CPU
		{09FB5FDB-1521-4979-928F-03F1B785B641}.Release|ARM.Build.0 = Release|Any CPU
		{09FB5FDB-1521-4979-928F-03F1B785B641}.Release|x64.ActiveCfg = Release|Any CPU
		{09FB5FDB-1521-4979-928F-03F1B785B641}.Release|x64.Build.0 = Release|Any CPU
		{09FB5FDB-1521-4979-928F-03F1B785B641}.Release|x86.ActiveCfg = Release|Any CPU
		{09FB5FDB-1521-4979-928F-03F1B785B641}.Release|x86.Build.0 = Release|Any CPU
		{D2623D29-00CD-4769-84EE-B4A3234382CA}.ClickOnce|Any CPU.ActiveCfg = Release|Any CPU
		{D2623D29-00CD-4769-84EE-B4A3234382CA}.ClickOnce|Any CPU.Build.0 = Release|Any CPU
		{D2623D29-00CD-4769-84EE-B4A3234382CA}.ClickOnce|ARM.ActiveCfg = Release|Any CPU
		{D2623D29-00CD-4769-84EE-B4A3234382CA}.ClickOnce|ARM.Build.0 = Release|Any CPU
		{D2623D29-00CD-4769-84EE-B4A3234382CA}.ClickOnce|x64.ActiveCfg = Release|Any CPU
		{D2623D29-00CD-4769-84EE-B4A3234382CA}.ClickOnce|x64.Build.0 = Release|Any CPU
		{D2623D29-00CD-4769-84EE-B4A3234382CA}.ClickOnce|x86.ActiveCfg = Release|Any CPU
		{D2623D29-00CD-4769-84EE-B4A3234382CA}.ClickOnce|x86.Build.0 = Release|Any CPU
		{D2623D29-00CD-4769-84EE-B4A3234382CA}.Debug|Any CPU.ActiveCfg = Debug|Any CPU
		{D2623D29-00CD-4769-84EE-B4A3234382CA}.Debug|Any CPU.Build.0 = Debug|Any CPU
		{D2623D29-00CD-4769-84EE-B4A3234382CA}.Debug|ARM.ActiveCfg = Debug|Any CPU
		{D2623D29-00CD-4769-84EE-B4A3234382CA}.Debug|ARM.Build.0 = Debug|Any CPU
		{D2623D29-00CD-4769-84EE-B4A3234382CA}.Debug|x64.ActiveCfg = Debug|Any CPU
		{D2623D29-00CD-4769-84EE-B4A3234382CA}.Debug|x64.Build.0 = Debug|Any CPU
		{D2623D29-00CD-4769-84EE-B4A3234382CA}.Debug|x86.ActiveCfg = Debug|Any CPU
		{D2623D29-00CD-4769-84EE-B4A3234382CA}.Debug|x86.Build.0 = Debug|Any CPU
		{D2623D29-00CD-4769-84EE-B4A3234382CA}.Release|Any CPU.ActiveCfg = Release|Any CPU
		{D2623D29-00CD-4769-84EE-B4A3234382CA}.Release|Any CPU.Build.0 = Release|Any CPU
		{D2623D29-00CD-4769-84EE-B4A3234382CA}.Release|ARM.ActiveCfg = Release|Any CPU
		{D2623D29-00CD-4769-84EE-B4A3234382CA}.Release|ARM.Build.0 = Release|Any CPU
		{D2623D29-00CD-4769-84EE-B4A3234382CA}.Release|x64.ActiveCfg = Release|Any CPU
		{D2623D29-00CD-4769-84EE-B4A3234382CA}.Release|x64.Build.0 = Release|Any CPU
		{D2623D29-00CD-4769-84EE-B4A3234382CA}.Release|x86.ActiveCfg = Release|Any CPU
		{D2623D29-00CD-4769-84EE-B4A3234382CA}.Release|x86.Build.0 = Release|Any CPU
		{D4C4DA3D-3296-4CA6-B7F3-A64A7949B32B}.ClickOnce|Any CPU.ActiveCfg = Release|Any CPU
		{D4C4DA3D-3296-4CA6-B7F3-A64A7949B32B}.ClickOnce|Any CPU.Build.0 = Release|Any CPU
		{D4C4DA3D-3296-4CA6-B7F3-A64A7949B32B}.ClickOnce|ARM.ActiveCfg = Release|Any CPU
		{D4C4DA3D-3296-4CA6-B7F3-A64A7949B32B}.ClickOnce|ARM.Build.0 = Release|Any CPU
		{D4C4DA3D-3296-4CA6-B7F3-A64A7949B32B}.ClickOnce|x64.ActiveCfg = Release|Any CPU
		{D4C4DA3D-3296-4CA6-B7F3-A64A7949B32B}.ClickOnce|x64.Build.0 = Release|Any CPU
		{D4C4DA3D-3296-4CA6-B7F3-A64A7949B32B}.ClickOnce|x86.ActiveCfg = Release|Any CPU
		{D4C4DA3D-3296-4CA6-B7F3-A64A7949B32B}.ClickOnce|x86.Build.0 = Release|Any CPU
		{D4C4DA3D-3296-4CA6-B7F3-A64A7949B32B}.Debug|Any CPU.ActiveCfg = Debug|Any CPU
		{D4C4DA3D-3296-4CA6-B7F3-A64A7949B32B}.Debug|Any CPU.Build.0 = Debug|Any CPU
		{D4C4DA3D-3296-4CA6-B7F3-A64A7949B32B}.Debug|ARM.ActiveCfg = Debug|Any CPU
		{D4C4DA3D-3296-4CA6-B7F3-A64A7949B32B}.Debug|ARM.Build.0 = Debug|Any CPU
		{D4C4DA3D-3296-4CA6-B7F3-A64A7949B32B}.Debug|x64.ActiveCfg = Debug|Any CPU
		{D4C4DA3D-3296-4CA6-B7F3-A64A7949B32B}.Debug|x64.Build.0 = Debug|Any CPU
		{D4C4DA3D-3296-4CA6-B7F3-A64A7949B32B}.Debug|x86.ActiveCfg = Debug|Any CPU
		{D4C4DA3D-3296-4CA6-B7F3-A64A7949B32B}.Debug|x86.Build.0 = Debug|Any CPU
		{D4C4DA3D-3296-4CA6-B7F3-A64A7949B32B}.Release|Any CPU.ActiveCfg = Release|Any CPU
		{D4C4DA3D-3296-4CA6-B7F3-A64A7949B32B}.Release|Any CPU.Build.0 = Release|Any CPU
		{D4C4DA3D-3296-4CA6-B7F3-A64A7949B32B}.Release|ARM.ActiveCfg = Release|Any CPU
		{D4C4DA3D-3296-4CA6-B7F3-A64A7949B32B}.Release|ARM.Build.0 = Release|Any CPU
		{D4C4DA3D-3296-4CA6-B7F3-A64A7949B32B}.Release|x64.ActiveCfg = Release|Any CPU
		{D4C4DA3D-3296-4CA6-B7F3-A64A7949B32B}.Release|x64.Build.0 = Release|Any CPU
		{D4C4DA3D-3296-4CA6-B7F3-A64A7949B32B}.Release|x86.ActiveCfg = Release|Any CPU
		{D4C4DA3D-3296-4CA6-B7F3-A64A7949B32B}.Release|x86.Build.0 = Release|Any CPU
		{9C0AE696-2F6C-4EE9-B778-1F72F6F01156}.ClickOnce|Any CPU.ActiveCfg = Release|Any CPU
		{9C0AE696-2F6C-4EE9-B778-1F72F6F01156}.ClickOnce|Any CPU.Build.0 = Release|Any CPU
		{9C0AE696-2F6C-4EE9-B778-1F72F6F01156}.ClickOnce|ARM.ActiveCfg = Release|Any CPU
		{9C0AE696-2F6C-4EE9-B778-1F72F6F01156}.ClickOnce|ARM.Build.0 = Release|Any CPU
		{9C0AE696-2F6C-4EE9-B778-1F72F6F01156}.ClickOnce|x64.ActiveCfg = Release|Any CPU
		{9C0AE696-2F6C-4EE9-B778-1F72F6F01156}.ClickOnce|x64.Build.0 = Release|Any CPU
		{9C0AE696-2F6C-4EE9-B778-1F72F6F01156}.ClickOnce|x86.ActiveCfg = Release|Any CPU
		{9C0AE696-2F6C-4EE9-B778-1F72F6F01156}.ClickOnce|x86.Build.0 = Release|Any CPU
		{9C0AE696-2F6C-4EE9-B778-1F72F6F01156}.Debug|Any CPU.ActiveCfg = Debug|Any CPU
		{9C0AE696-2F6C-4EE9-B778-1F72F6F01156}.Debug|Any CPU.Build.0 = Debug|Any CPU
		{9C0AE696-2F6C-4EE9-B778-1F72F6F01156}.Debug|ARM.ActiveCfg = Debug|Any CPU
		{9C0AE696-2F6C-4EE9-B778-1F72F6F01156}.Debug|ARM.Build.0 = Debug|Any CPU
		{9C0AE696-2F6C-4EE9-B778-1F72F6F01156}.Debug|x64.ActiveCfg = Debug|Any CPU
		{9C0AE696-2F6C-4EE9-B778-1F72F6F01156}.Debug|x64.Build.0 = Debug|Any CPU
		{9C0AE696-2F6C-4EE9-B778-1F72F6F01156}.Debug|x86.ActiveCfg = Debug|Any CPU
		{9C0AE696-2F6C-4EE9-B778-1F72F6F01156}.Debug|x86.Build.0 = Debug|Any CPU
		{9C0AE696-2F6C-4EE9-B778-1F72F6F01156}.Release|Any CPU.ActiveCfg = Release|Any CPU
		{9C0AE696-2F6C-4EE9-B778-1F72F6F01156}.Release|Any CPU.Build.0 = Release|Any CPU
		{9C0AE696-2F6C-4EE9-B778-1F72F6F01156}.Release|ARM.ActiveCfg = Release|Any CPU
		{9C0AE696-2F6C-4EE9-B778-1F72F6F01156}.Release|ARM.Build.0 = Release|Any CPU
		{9C0AE696-2F6C-4EE9-B778-1F72F6F01156}.Release|x64.ActiveCfg = Release|Any CPU
		{9C0AE696-2F6C-4EE9-B778-1F72F6F01156}.Release|x64.Build.0 = Release|Any CPU
		{9C0AE696-2F6C-4EE9-B778-1F72F6F01156}.Release|x86.ActiveCfg = Release|Any CPU
		{9C0AE696-2F6C-4EE9-B778-1F72F6F01156}.Release|x86.Build.0 = Release|Any CPU
		{08165E62-E64A-4EE6-80DE-67B3B3B510F3}.ClickOnce|Any CPU.ActiveCfg = Release|Any CPU
		{08165E62-E64A-4EE6-80DE-67B3B3B510F3}.ClickOnce|Any CPU.Build.0 = Release|Any CPU
		{08165E62-E64A-4EE6-80DE-67B3B3B510F3}.ClickOnce|ARM.ActiveCfg = Release|Any CPU
		{08165E62-E64A-4EE6-80DE-67B3B3B510F3}.ClickOnce|ARM.Build.0 = Release|Any CPU
		{08165E62-E64A-4EE6-80DE-67B3B3B510F3}.ClickOnce|x64.ActiveCfg = Release|Any CPU
		{08165E62-E64A-4EE6-80DE-67B3B3B510F3}.ClickOnce|x64.Build.0 = Release|Any CPU
		{08165E62-E64A-4EE6-80DE-67B3B3B510F3}.ClickOnce|x86.ActiveCfg = Release|Any CPU
		{08165E62-E64A-4EE6-80DE-67B3B3B510F3}.ClickOnce|x86.Build.0 = Release|Any CPU
		{08165E62-E64A-4EE6-80DE-67B3B3B510F3}.Debug|Any CPU.ActiveCfg = Debug|Any CPU
		{08165E62-E64A-4EE6-80DE-67B3B3B510F3}.Debug|Any CPU.Build.0 = Debug|Any CPU
		{08165E62-E64A-4EE6-80DE-67B3B3B510F3}.Debug|ARM.ActiveCfg = Debug|Any CPU
		{08165E62-E64A-4EE6-80DE-67B3B3B510F3}.Debug|ARM.Build.0 = Debug|Any CPU
		{08165E62-E64A-4EE6-80DE-67B3B3B510F3}.Debug|x64.ActiveCfg = Debug|Any CPU
		{08165E62-E64A-4EE6-80DE-67B3B3B510F3}.Debug|x64.Build.0 = Debug|Any CPU
		{08165E62-E64A-4EE6-80DE-67B3B3B510F3}.Debug|x86.ActiveCfg = Debug|Any CPU
		{08165E62-E64A-4EE6-80DE-67B3B3B510F3}.Debug|x86.Build.0 = Debug|Any CPU
		{08165E62-E64A-4EE6-80DE-67B3B3B510F3}.Release|Any CPU.ActiveCfg = Release|Any CPU
		{08165E62-E64A-4EE6-80DE-67B3B3B510F3}.Release|Any CPU.Build.0 = Release|Any CPU
		{08165E62-E64A-4EE6-80DE-67B3B3B510F3}.Release|ARM.ActiveCfg = Release|Any CPU
		{08165E62-E64A-4EE6-80DE-67B3B3B510F3}.Release|ARM.Build.0 = Release|Any CPU
		{08165E62-E64A-4EE6-80DE-67B3B3B510F3}.Release|x64.ActiveCfg = Release|Any CPU
		{08165E62-E64A-4EE6-80DE-67B3B3B510F3}.Release|x64.Build.0 = Release|Any CPU
		{08165E62-E64A-4EE6-80DE-67B3B3B510F3}.Release|x86.ActiveCfg = Release|Any CPU
		{08165E62-E64A-4EE6-80DE-67B3B3B510F3}.Release|x86.Build.0 = Release|Any CPU
		{5C66F0EE-DE8D-4F2F-A480-071C49ECBB6B}.ClickOnce|Any CPU.ActiveCfg = Release|Any CPU
		{5C66F0EE-DE8D-4F2F-A480-071C49ECBB6B}.ClickOnce|Any CPU.Build.0 = Release|Any CPU
		{5C66F0EE-DE8D-4F2F-A480-071C49ECBB6B}.ClickOnce|ARM.ActiveCfg = Release|Any CPU
		{5C66F0EE-DE8D-4F2F-A480-071C49ECBB6B}.ClickOnce|ARM.Build.0 = Release|Any CPU
		{5C66F0EE-DE8D-4F2F-A480-071C49ECBB6B}.ClickOnce|x64.ActiveCfg = Release|Any CPU
		{5C66F0EE-DE8D-4F2F-A480-071C49ECBB6B}.ClickOnce|x64.Build.0 = Release|Any CPU
		{5C66F0EE-DE8D-4F2F-A480-071C49ECBB6B}.ClickOnce|x86.ActiveCfg = Release|Any CPU
		{5C66F0EE-DE8D-4F2F-A480-071C49ECBB6B}.ClickOnce|x86.Build.0 = Release|Any CPU
		{5C66F0EE-DE8D-4F2F-A480-071C49ECBB6B}.Debug|Any CPU.ActiveCfg = Debug|Any CPU
		{5C66F0EE-DE8D-4F2F-A480-071C49ECBB6B}.Debug|Any CPU.Build.0 = Debug|Any CPU
		{5C66F0EE-DE8D-4F2F-A480-071C49ECBB6B}.Debug|ARM.ActiveCfg = Debug|Any CPU
		{5C66F0EE-DE8D-4F2F-A480-071C49ECBB6B}.Debug|ARM.Build.0 = Debug|Any CPU
		{5C66F0EE-DE8D-4F2F-A480-071C49ECBB6B}.Debug|x64.ActiveCfg = Debug|Any CPU
		{5C66F0EE-DE8D-4F2F-A480-071C49ECBB6B}.Debug|x64.Build.0 = Debug|Any CPU
		{5C66F0EE-DE8D-4F2F-A480-071C49ECBB6B}.Debug|x86.ActiveCfg = Debug|Any CPU
		{5C66F0EE-DE8D-4F2F-A480-071C49ECBB6B}.Debug|x86.Build.0 = Debug|Any CPU
		{5C66F0EE-DE8D-4F2F-A480-071C49ECBB6B}.Release|Any CPU.ActiveCfg = Release|Any CPU
		{5C66F0EE-DE8D-4F2F-A480-071C49ECBB6B}.Release|Any CPU.Build.0 = Release|Any CPU
		{5C66F0EE-DE8D-4F2F-A480-071C49ECBB6B}.Release|ARM.ActiveCfg = Release|Any CPU
		{5C66F0EE-DE8D-4F2F-A480-071C49ECBB6B}.Release|ARM.Build.0 = Release|Any CPU
		{5C66F0EE-DE8D-4F2F-A480-071C49ECBB6B}.Release|x64.ActiveCfg = Release|Any CPU
		{5C66F0EE-DE8D-4F2F-A480-071C49ECBB6B}.Release|x64.Build.0 = Release|Any CPU
		{5C66F0EE-DE8D-4F2F-A480-071C49ECBB6B}.Release|x86.ActiveCfg = Release|Any CPU
		{5C66F0EE-DE8D-4F2F-A480-071C49ECBB6B}.Release|x86.Build.0 = Release|Any CPU
		{1CADE10A-B109-450D-B231-7F8995F1CDBB}.ClickOnce|Any CPU.ActiveCfg = Release|Any CPU
		{1CADE10A-B109-450D-B231-7F8995F1CDBB}.ClickOnce|Any CPU.Build.0 = Release|Any CPU
		{1CADE10A-B109-450D-B231-7F8995F1CDBB}.ClickOnce|ARM.ActiveCfg = Release|Any CPU
		{1CADE10A-B109-450D-B231-7F8995F1CDBB}.ClickOnce|ARM.Build.0 = Release|Any CPU
		{1CADE10A-B109-450D-B231-7F8995F1CDBB}.ClickOnce|x64.ActiveCfg = Release|Any CPU
		{1CADE10A-B109-450D-B231-7F8995F1CDBB}.ClickOnce|x64.Build.0 = Release|Any CPU
		{1CADE10A-B109-450D-B231-7F8995F1CDBB}.ClickOnce|x86.ActiveCfg = Release|Any CPU
		{1CADE10A-B109-450D-B231-7F8995F1CDBB}.ClickOnce|x86.Build.0 = Release|Any CPU
		{1CADE10A-B109-450D-B231-7F8995F1CDBB}.Debug|Any CPU.ActiveCfg = Debug|Any CPU
		{1CADE10A-B109-450D-B231-7F8995F1CDBB}.Debug|Any CPU.Build.0 = Debug|Any CPU
		{1CADE10A-B109-450D-B231-7F8995F1CDBB}.Debug|ARM.ActiveCfg = Debug|Any CPU
		{1CADE10A-B109-450D-B231-7F8995F1CDBB}.Debug|ARM.Build.0 = Debug|Any CPU
		{1CADE10A-B109-450D-B231-7F8995F1CDBB}.Debug|x64.ActiveCfg = Debug|Any CPU
		{1CADE10A-B109-450D-B231-7F8995F1CDBB}.Debug|x64.Build.0 = Debug|Any CPU
		{1CADE10A-B109-450D-B231-7F8995F1CDBB}.Debug|x86.ActiveCfg = Debug|Any CPU
		{1CADE10A-B109-450D-B231-7F8995F1CDBB}.Debug|x86.Build.0 = Debug|Any CPU
		{1CADE10A-B109-450D-B231-7F8995F1CDBB}.Release|Any CPU.ActiveCfg = Release|Any CPU
		{1CADE10A-B109-450D-B231-7F8995F1CDBB}.Release|Any CPU.Build.0 = Release|Any CPU
		{1CADE10A-B109-450D-B231-7F8995F1CDBB}.Release|ARM.ActiveCfg = Release|Any CPU
		{1CADE10A-B109-450D-B231-7F8995F1CDBB}.Release|ARM.Build.0 = Release|Any CPU
		{1CADE10A-B109-450D-B231-7F8995F1CDBB}.Release|x64.ActiveCfg = Release|Any CPU
		{1CADE10A-B109-450D-B231-7F8995F1CDBB}.Release|x64.Build.0 = Release|Any CPU
		{1CADE10A-B109-450D-B231-7F8995F1CDBB}.Release|x86.ActiveCfg = Release|Any CPU
		{1CADE10A-B109-450D-B231-7F8995F1CDBB}.Release|x86.Build.0 = Release|Any CPU
		{BB34FBE0-398C-4BA1-A238-26DE8CC273DE}.ClickOnce|Any CPU.ActiveCfg = Release|Any CPU
		{BB34FBE0-398C-4BA1-A238-26DE8CC273DE}.ClickOnce|Any CPU.Build.0 = Release|Any CPU
		{BB34FBE0-398C-4BA1-A238-26DE8CC273DE}.ClickOnce|ARM.ActiveCfg = Release|Any CPU
		{BB34FBE0-398C-4BA1-A238-26DE8CC273DE}.ClickOnce|ARM.Build.0 = Release|Any CPU
		{BB34FBE0-398C-4BA1-A238-26DE8CC273DE}.ClickOnce|x64.ActiveCfg = Release|Any CPU
		{BB34FBE0-398C-4BA1-A238-26DE8CC273DE}.ClickOnce|x64.Build.0 = Release|Any CPU
		{BB34FBE0-398C-4BA1-A238-26DE8CC273DE}.ClickOnce|x86.ActiveCfg = Release|Any CPU
		{BB34FBE0-398C-4BA1-A238-26DE8CC273DE}.ClickOnce|x86.Build.0 = Release|Any CPU
		{BB34FBE0-398C-4BA1-A238-26DE8CC273DE}.Debug|Any CPU.ActiveCfg = Debug|Any CPU
		{BB34FBE0-398C-4BA1-A238-26DE8CC273DE}.Debug|Any CPU.Build.0 = Debug|Any CPU
		{BB34FBE0-398C-4BA1-A238-26DE8CC273DE}.Debug|ARM.ActiveCfg = Debug|Any CPU
		{BB34FBE0-398C-4BA1-A238-26DE8CC273DE}.Debug|ARM.Build.0 = Debug|Any CPU
		{BB34FBE0-398C-4BA1-A238-26DE8CC273DE}.Debug|x64.ActiveCfg = Debug|Any CPU
		{BB34FBE0-398C-4BA1-A238-26DE8CC273DE}.Debug|x64.Build.0 = Debug|Any CPU
		{BB34FBE0-398C-4BA1-A238-26DE8CC273DE}.Debug|x86.ActiveCfg = Debug|Any CPU
		{BB34FBE0-398C-4BA1-A238-26DE8CC273DE}.Debug|x86.Build.0 = Debug|Any CPU
		{BB34FBE0-398C-4BA1-A238-26DE8CC273DE}.Release|Any CPU.ActiveCfg = Release|Any CPU
		{BB34FBE0-398C-4BA1-A238-26DE8CC273DE}.Release|Any CPU.Build.0 = Release|Any CPU
		{BB34FBE0-398C-4BA1-A238-26DE8CC273DE}.Release|ARM.ActiveCfg = Release|Any CPU
		{BB34FBE0-398C-4BA1-A238-26DE8CC273DE}.Release|ARM.Build.0 = Release|Any CPU
		{BB34FBE0-398C-4BA1-A238-26DE8CC273DE}.Release|x64.ActiveCfg = Release|Any CPU
		{BB34FBE0-398C-4BA1-A238-26DE8CC273DE}.Release|x64.Build.0 = Release|Any CPU
		{BB34FBE0-398C-4BA1-A238-26DE8CC273DE}.Release|x86.ActiveCfg = Release|Any CPU
		{BB34FBE0-398C-4BA1-A238-26DE8CC273DE}.Release|x86.Build.0 = Release|Any CPU
	EndGlobalSection
	GlobalSection(SolutionProperties) = preSolution
		HideSolutionNode = FALSE
	EndGlobalSection
	GlobalSection(NestedProjects) = preSolution
		{E3FB4B97-0774-41E7-A570-87F5807FF1C1} = {0EC19E36-1F87-4449-A8E8-94843C3F3E51}
		{4AF3D4DC-F023-487E-BEED-CA86994FD42B} = {0EC19E36-1F87-4449-A8E8-94843C3F3E51}
		{18A0DE4F-6EBA-4EEB-BD77-39ECE48A7E99} = {0EC19E36-1F87-4449-A8E8-94843C3F3E51}
		{932E5D08-64AA-4445-BEE2-80940DADB950} = {0EC19E36-1F87-4449-A8E8-94843C3F3E51}
		{5B65555C-1483-47BA-B10E-5F017025A1BC} = {0EC19E36-1F87-4449-A8E8-94843C3F3E51}
		{6F5E9C1F-B3DA-432E-886F-8698067A9C17} = {0EC19E36-1F87-4449-A8E8-94843C3F3E51}
		{1E5736F9-1C75-43B7-AB9B-618EBC524851} = {0EC19E36-1F87-4449-A8E8-94843C3F3E51}
		{2588BA97-7FAF-45CE-881B-D8D81DE2EED8} = {E87AC14E-CE35-4783-BC21-FDF8DAFD514B}
		{B7F9E1E9-8681-4C50-A824-1C528DDD4F50} = {BB7F7B0B-AF9C-4B9E-B20B-94B3C5B1A5FA}
		{A013D292-4303-4937-9C77-CF946DECCD86} = {BB7F7B0B-AF9C-4B9E-B20B-94B3C5B1A5FA}
		{4AEDA336-EC7F-47BA-9376-C820D2284CC9} = {0EC19E36-1F87-4449-A8E8-94843C3F3E51}
		{B991D77A-5E9F-474F-93A6-4F12F4F03D52} = {0EC19E36-1F87-4449-A8E8-94843C3F3E51}
		{8E6394FF-FD04-49A5-8D03-648A3C42DBE2} = {BB7F7B0B-AF9C-4B9E-B20B-94B3C5B1A5FA}
		{AEDAE266-1546-4E65-AB2C-935D70FE5E76} = {0EC19E36-1F87-4449-A8E8-94843C3F3E51}
		{60EFE219-3468-4B28-8193-4CCD9415C954} = {0EC19E36-1F87-4449-A8E8-94843C3F3E51}
		{15455202-7E7B-444E-B23F-5350847FBBEA} = {E87AC14E-CE35-4783-BC21-FDF8DAFD514B}
		{1825A02B-7171-4A6A-A41A-C33A2BC1A56B} = {E87AC14E-CE35-4783-BC21-FDF8DAFD514B}
		{8F033199-B1BA-4F3D-B390-FE211C138DE8} = {0EC19E36-1F87-4449-A8E8-94843C3F3E51}
		{380C181D-1CC9-4506-B5DF-800CF0DE6D76} = {0EC19E36-1F87-4449-A8E8-94843C3F3E51}
		{FF750146-3E5E-47EF-A77B-80EE1924E0DA} = {E87AC14E-CE35-4783-BC21-FDF8DAFD514B}
		{FAAE9DCD-AED9-4FDA-BE92-3D9B7AFEF6ED} = {0110EEDF-39D5-437E-B21E-84821554A24D}
		{DC737138-099C-41C5-928B-5C8BC729D84E} = {E87AC14E-CE35-4783-BC21-FDF8DAFD514B}
		{09FB5FDB-1521-4979-928F-03F1B785B641} = {BB7F7B0B-AF9C-4B9E-B20B-94B3C5B1A5FA}
		{D2623D29-00CD-4769-84EE-B4A3234382CA} = {E87AC14E-CE35-4783-BC21-FDF8DAFD514B}
		{D4C4DA3D-3296-4CA6-B7F3-A64A7949B32B} = {BB7F7B0B-AF9C-4B9E-B20B-94B3C5B1A5FA}
		{5C66F0EE-DE8D-4F2F-A480-071C49ECBB6B} = {E87AC14E-CE35-4783-BC21-FDF8DAFD514B}
		{1CADE10A-B109-450D-B231-7F8995F1CDBB} = {0EC19E36-1F87-4449-A8E8-94843C3F3E51}
		{BB34FBE0-398C-4BA1-A238-26DE8CC273DE} = {793DE71C-B6B9-41DA-B57F-2D26B74ADFAC}
	EndGlobalSection
EndGlobal
